// !$*UTF8*$!
{
	archiveVersion = 1;
	classes = {
	};
	objectVersion = 46;
	objects = {

/* Begin PBXBuildFile section */
		094214861C909E95003A766A /* AppDelegate.swift in Sources */ = {isa = PBXBuildFile; fileRef = 094214851C909E95003A766A /* AppDelegate.swift */; };
		094214881C909E95003A766A /* ViewController.swift in Sources */ = {isa = PBXBuildFile; fileRef = 094214871C909E95003A766A /* ViewController.swift */; };
		0942148B1C909E95003A766A /* Main.storyboard in Resources */ = {isa = PBXBuildFile; fileRef = 094214891C909E95003A766A /* Main.storyboard */; };
		0942148D1C909E95003A766A /* Assets.xcassets in Resources */ = {isa = PBXBuildFile; fileRef = 0942148C1C909E95003A766A /* Assets.xcassets */; };
		094214901C909E95003A766A /* LaunchScreen.storyboard in Resources */ = {isa = PBXBuildFile; fileRef = 0942148E1C909E95003A766A /* LaunchScreen.storyboard */; };
/* End PBXBuildFile section */

/* Begin PBXFileReference section */
		094214821C909E95003A766A /* OrderIt.app */ = {isa = PBXFileReference; explicitFileType = wrapper.application; includeInIndex = 0; path = OrderIt.app; sourceTree = BUILT_PRODUCTS_DIR; };
		094214851C909E95003A766A /* AppDelegate.swift */ = {isa = PBXFileReference; lastKnownFileType = sourcecode.swift; path = AppDelegate.swift; sourceTree = "<group>"; };
		094214871C909E95003A766A /* ViewController.swift */ = {isa = PBXFileReference; lastKnownFileType = sourcecode.swift; path = ViewController.swift; sourceTree = "<group>"; };
		0942148A1C909E95003A766A /* Base */ = {isa = PBXFileReference; lastKnownFileType = file.storyboard; name = Base; path = Base.lproj/Main.storyboard; sourceTree = "<group>"; };
		0942148C1C909E95003A766A /* Assets.xcassets */ = {isa = PBXFileReference; lastKnownFileType = folder.assetcatalog; path = Assets.xcassets; sourceTree = "<group>"; };
		0942148F1C909E95003A766A /* Base */ = {isa = PBXFileReference; lastKnownFileType = file.storyboard; name = Base; path = Base.lproj/LaunchScreen.storyboard; sourceTree = "<group>"; };
		094214911C909E95003A766A /* Info.plist */ = {isa = PBXFileReference; lastKnownFileType = text.plist.xml; path = Info.plist; sourceTree = "<group>"; };
/* End PBXFileReference section */

/* Begin PBXFrameworksBuildPhase section */
		0942147F1C909E95003A766A /* Frameworks */ = {
			isa = PBXFrameworksBuildPhase;
			buildActionMask = 2147483647;
			files = (
			);
			runOnlyForDeploymentPostprocessing = 0;
		};
/* End PBXFrameworksBuildPhase section */

/* Begin PBXGroup section */
		094214791C909E95003A766A = {
			isa = PBXGroup;
			children = (
				094214841C909E95003A766A /* OrderIt */,
				094214831C909E95003A766A /* Products */,
			);
			sourceTree = "<group>";
		};
		094214831C909E95003A766A /* Products */ = {
			isa = PBXGroup;
			children = (
				094214821C909E95003A766A /* OrderIt.app */,
			);
			name = Products;
			sourceTree = "<group>";
		};
		094214841C909E95003A766A /* OrderIt */ = {
			isa = PBXGroup;
			children = (
				094214851C909E95003A766A /* AppDelegate.swift */,
				094214871C909E95003A766A /* ViewController.swift */,
				094214891C909E95003A766A /* Main.storyboard */,
				0942148C1C909E95003A766A /* Assets.xcassets */,
				0942148E1C909E95003A766A /* LaunchScreen.storyboard */,
				094214911C909E95003A766A /* Info.plist */,
			);
			path = OrderIt;
			sourceTree = "<group>";
		};
/* End PBXGroup section */

/* Begin PBXNativeTarget section */
		094214811C909E95003A766A /* OrderIt */ = {
			isa = PBXNativeTarget;
			buildConfigurationList = 094214941C909E95003A766A /* Build configuration list for PBXNativeTarget "OrderIt" */;
			buildPhases = (
				0942147E1C909E95003A766A /* Sources */,
				0942147F1C909E95003A766A /* Frameworks */,
				094214801C909E95003A766A /* Resources */,
			);
			buildRules = (
			);
			dependencies = (
			);
			name = OrderIt;
			productName = OrderIt;
			productReference = 094214821C909E95003A766A /* OrderIt.app */;
			productType = "com.apple.product-type.application";
		};
/* End PBXNativeTarget section */

/* Begin PBXProject section */
		0942147A1C909E95003A766A /* Project object */ = {
			isa = PBXProject;
			attributes = {
				LastSwiftUpdateCheck = 0710;
				LastUpgradeCheck = 0710;
				ORGANIZATIONNAME = AIDEV;
				TargetAttributes = {
					094214811C909E95003A766A = {
						CreatedOnToolsVersion = 7.1.1;
					};
				};
			};
			buildConfigurationList = 0942147D1C909E95003A766A /* Build configuration list for PBXProject "OrderIt" */;
			compatibilityVersion = "Xcode 3.2";
			developmentRegion = English;
			hasScannedForEncodings = 0;
			knownRegions = (
				en,
				Base,
			);
			mainGroup = 094214791C909E95003A766A;
			productRefGroup = 094214831C909E95003A766A /* Products */;
			projectDirPath = "";
			projectRoot = "";
			targets = (
				094214811C909E95003A766A /* OrderIt */,
			);
		};
/* End PBXProject section */

/* Begin PBXResourcesBuildPhase section */
		094214801C909E95003A766A /* Resources */ = {
			isa = PBXResourcesBuildPhase;
			buildActionMask = 2147483647;
			files = (
				094214901C909E95003A766A /* LaunchScreen.storyboard in Resources */,
				0942148D1C909E95003A766A /* Assets.xcassets in Resources */,
				0942148B1C909E95003A766A /* Main.storyboard in Resources */,
			);
			runOnlyForDeploymentPostprocessing = 0;
		};
/* End PBXResourcesBuildPhase section */

/* Begin PBXSourcesBuildPhase section */
		0942147E1C909E95003A766A /* Sources */ = {
			isa = PBXSourcesBuildPhase;
			buildActionMask = 2147483647;
			files = (
				094214881C909E95003A766A /* ViewController.swift in Sources */,
				094214861C909E95003A766A /* AppDelegate.swift in Sources */,
			);
			runOnlyForDeploymentPostprocessing = 0;
		};
/* End PBXSourcesBuildPhase section */

/* Begin PBXVariantGroup section */
		094214891C909E95003A766A /* Main.storyboard */ = {
			isa = PBXVariantGroup;
			children = (
				0942148A1C909E95003A766A /* Base */,
			);
			name = Main.storyboard;
			sourceTree = "<group>";
		};
		0942148E1C909E95003A766A /* LaunchScreen.storyboard */ = {
			isa = PBXVariantGroup;
			children = (
				0942148F1C909E95003A766A /* Base */,
			);
			name = LaunchScreen.storyboard;
			sourceTree = "<group>";
		};
/* End PBXVariantGroup section */

/* Begin XCBuildConfiguration section */
		094214921C909E95003A766A /* Debug */ = {
			isa = XCBuildConfiguration;
			buildSettings = {
				ALWAYS_SEARCH_USER_PATHS = NO;
				CLANG_CXX_LANGUAGE_STANDARD = "gnu++0x";
				CLANG_CXX_LIBRARY = "libc++";
				CLANG_ENABLE_MODULES = YES;
				CLANG_ENABLE_OBJC_ARC = YES;
				CLANG_WARN_BOOL_CONVERSION = YES;
				CLANG_WARN_CONSTANT_CONVERSION = YES;
				CLANG_WARN_DIRECT_OBJC_ISA_USAGE = YES_ERROR;
				CLANG_WARN_EMPTY_BODY = YES;
				CLANG_WARN_ENUM_CONVERSION = YES;
				CLANG_WARN_INT_CONVERSION = YES;
				CLANG_WARN_OBJC_ROOT_CLASS = YES_ERROR;
				CLANG_WARN_UNREACHABLE_CODE = YES;
				CLANG_WARN__DUPLICATE_METHOD_MATCH = YES;
				"CODE_SIGN_IDENTITY[sdk=iphoneos*]" = "iPhone Developer";
				COPY_PHASE_STRIP = NO;
				DEBUG_INFORMATION_FORMAT = dwarf;
				ENABLE_STRICT_OBJC_MSGSEND = YES;
				ENABLE_TESTABILITY = YES;
				GCC_C_LANGUAGE_STANDARD = gnu99;
				GCC_DYNAMIC_NO_PIC = NO;
				GCC_NO_COMMON_BLOCKS = YES;
				GCC_OPTIMIZATION_LEVEL = 0;
				GCC_PREPROCESSOR_DEFINITIONS = (
					"DEBUG=1",
					"$(inherited)",
				);
				GCC_WARN_64_TO_32_BIT_CONVERSION = YES;
				GCC_WARN_ABOUT_RETURN_TYPE = YES_ERROR;
				GCC_WARN_UNDECLARED_SELECTOR = YES;
				GCC_WARN_UNINITIALIZED_AUTOS = YES_AGGRESSIVE;
				GCC_WARN_UNUSED_FUNCTION = YES;
				GCC_WARN_UNUSED_VARIABLE = YES;
				IPHONEOS_DEPLOYMENT_TARGET = 9.1;
				MTL_ENABLE_DEBUG_INFO = YES;
				ONLY_ACTIVE_ARCH = YES;
				SDKROOT = iphoneos;
				SWIFT_OPTIMIZATION_LEVEL = "-Onone";
				TARGETED_DEVICE_FAMILY = "1,2";
			};
			name = Debug;
		};
		094214931C909E95003A766A /* Release */ = {
			isa = XCBuildConfiguration;
			buildSettings = {
				ALWAYS_SEARCH_USER_PATHS = NO;
				CLANG_CXX_LANGUAGE_STANDARD = "gnu++0x";
				CLANG_CXX_LIBRARY = "libc++";
				CLANG_ENABLE_MODULES = YES;
				CLANG_ENABLE_OBJC_ARC = YES;
				CLANG_WARN_BOOL_CONVERSION = YES;
				CLANG_WARN_CONSTANT_CONVERSION = YES;
				CLANG_WARN_DIRECT_OBJC_ISA_USAGE = YES_ERROR;
				CLANG_WARN_EMPTY_BODY = YES;
				CLANG_WARN_ENUM_CONVERSION = YES;
				CLANG_WARN_INT_CONVERSION = YES;
				CLANG_WARN_OBJC_ROOT_CLASS = YES_ERROR;
				CLANG_WARN_UNREACHABLE_CODE = YES;
				CLANG_WARN__DUPLICATE_METHOD_MATCH = YES;
				"CODE_SIGN_IDENTITY[sdk=iphoneos*]" = "iPhone Developer";
				COPY_PHASE_STRIP = NO;
				DEBUG_INFORMATION_FORMAT = "dwarf-with-dsym";
				ENABLE_NS_ASSERTIONS = NO;
				ENABLE_STRICT_OBJC_MSGSEND = YES;
				GCC_C_LANGUAGE_STANDARD = gnu99;
				GCC_NO_COMMON_BLOCKS = YES;
				GCC_WARN_64_TO_32_BIT_CONVERSION = YES;
				GCC_WARN_ABOUT_RETURN_TYPE = YES_ERROR;
				GCC_WARN_UNDECLARED_SELECTOR = YES;
				GCC_WARN_UNINITIALIZED_AUTOS = YES_AGGRESSIVE;
				GCC_WARN_UNUSED_FUNCTION = YES;
				GCC_WARN_UNUSED_VARIABLE = YES;
				IPHONEOS_DEPLOYMENT_TARGET = 9.1;
				MTL_ENABLE_DEBUG_INFO = NO;
				SDKROOT = iphoneos;
				TARGETED_DEVICE_FAMILY = "1,2";
				VALIDATE_PRODUCT = YES;
			};
			name = Release;
		};
		094214951C909E95003A766A /* Debug */ = {
			isa = XCBuildConfiguration;
			buildSettings = {
				ASSETCATALOG_COMPILER_APPICON_NAME = AppIcon;
				INFOPLIST_FILE = OrderIt/Info.plist;
				LD_RUNPATH_SEARCH_PATHS = "$(inherited) @executable_path/Frameworks";
				PRODUCT_BUNDLE_IDENTIFIER = com.Aidev.OrderIt;
				PRODUCT_NAME = "$(TARGET_NAME)";
			};
			name = Debug;
		};
		094214961C909E95003A766A /* Release */ = {
			isa = XCBuildConfiguration;
			buildSettings = {
				ASSETCATALOG_COMPILER_APPICON_NAME = AppIcon;
				INFOPLIST_FILE = OrderIt/Info.plist;
				LD_RUNPATH_SEARCH_PATHS = "$(inherited) @executable_path/Frameworks";
				PRODUCT_BUNDLE_IDENTIFIER = com.Aidev.OrderIt;
				PRODUCT_NAME = "$(TARGET_NAME)";
			};
			name = Release;
		};
/* End XCBuildConfiguration section */

/* Begin XCConfigurationList section */
		0942147D1C909E95003A766A /* Build configuration list for PBXProject "OrderIt" */ = {
			isa = XCConfigurationList;
			buildConfigurations = (
				094214921C909E95003A766A /* Debug */,
				094214931C909E95003A766A /* Release */,
			);
			defaultConfigurationIsVisible = 0;
			defaultConfigurationName = Release;
		};
		094214941C909E95003A766A /* Build configuration list for PBXNativeTarget "OrderIt" */ = {
			isa = XCConfigurationList;
			buildConfigurations = (
				094214951C909E95003A766A /* Debug */,
				094214961C909E95003A766A /* Release */,
			);
			defaultConfigurationIsVisible = 0;
		};
/* End XCConfigurationList section */
	};
	rootObject = 0942147A1C909E95003A766A /* Project object */;
}
