// !$*UTF8*$!
{
	archiveVersion = 1;
	classes = {
	};
	objectVersion = 46;
	objects = {

/* Begin PBXBuildFile section */
		09F206121C84D7FB00B04573 /* AppDelegate.swift in Sources */ = {isa = PBXBuildFile; fileRef = 09F206111C84D7FB00B04573 /* AppDelegate.swift */; };
		09F206141C84D7FB00B04573 /* ViewController.swift in Sources */ = {isa = PBXBuildFile; fileRef = 09F206131C84D7FB00B04573 /* ViewController.swift */; };
		09F206171C84D7FB00B04573 /* Main.storyboard in Resources */ = {isa = PBXBuildFile; fileRef = 09F206151C84D7FB00B04573 /* Main.storyboard */; };
		09F206191C84D7FB00B04573 /* Assets.xcassets in Resources */ = {isa = PBXBuildFile; fileRef = 09F206181C84D7FB00B04573 /* Assets.xcassets */; };
		09F2061C1C84D7FB00B04573 /* LaunchScreen.storyboard in Resources */ = {isa = PBXBuildFile; fileRef = 09F2061A1C84D7FB00B04573 /* LaunchScreen.storyboard */; };
		09F206241C84DB3600B04573 /* hello_world.png in Resources */ = {isa = PBXBuildFile; fileRef = 09F206231C84DB3600B04573 /* hello_world.png */; };
/* End PBXBuildFile section */

/* Begin PBXFileReference section */
		09F2060E1C84D7FB00B04573 /* App_internacionalizacion.app */ = {isa = PBXFileReference; explicitFileType = wrapper.application; includeInIndex = 0; path = App_internacionalizacion.app; sourceTree = BUILT_PRODUCTS_DIR; };
		09F206111C84D7FB00B04573 /* AppDelegate.swift */ = {isa = PBXFileReference; lastKnownFileType = sourcecode.swift; path = AppDelegate.swift; sourceTree = "<group>"; };
		09F206131C84D7FB00B04573 /* ViewController.swift */ = {isa = PBXFileReference; lastKnownFileType = sourcecode.swift; path = ViewController.swift; sourceTree = "<group>"; };
		09F206161C84D7FB00B04573 /* Base */ = {isa = PBXFileReference; lastKnownFileType = file.storyboard; name = Base; path = Base.lproj/Main.storyboard; sourceTree = "<group>"; };
		09F206181C84D7FB00B04573 /* Assets.xcassets */ = {isa = PBXFileReference; lastKnownFileType = folder.assetcatalog; path = Assets.xcassets; sourceTree = "<group>"; };
		09F2061B1C84D7FB00B04573 /* Base */ = {isa = PBXFileReference; lastKnownFileType = file.storyboard; name = Base; path = Base.lproj/LaunchScreen.storyboard; sourceTree = "<group>"; };
		09F2061D1C84D7FB00B04573 /* Info.plist */ = {isa = PBXFileReference; lastKnownFileType = text.plist.xml; path = Info.plist; sourceTree = "<group>"; };
		09F206231C84DB3600B04573 /* hello_world.png */ = {isa = PBXFileReference; lastKnownFileType = image.png; path = hello_world.png; sourceTree = "<group>"; };
/* End PBXFileReference section */

/* Begin PBXFrameworksBuildPhase section */
		09F2060B1C84D7FB00B04573 /* Frameworks */ = {
			isa = PBXFrameworksBuildPhase;
			buildActionMask = 2147483647;
			files = (
			);
			runOnlyForDeploymentPostprocessing = 0;
		};
/* End PBXFrameworksBuildPhase section */

/* Begin PBXGroup section */
		09F206051C84D7FB00B04573 = {
			isa = PBXGroup;
			children = (
				09F206101C84D7FB00B04573 /* App_internacionalizacion */,
				09F2060F1C84D7FB00B04573 /* Products */,
			);
			sourceTree = "<group>";
		};
		09F2060F1C84D7FB00B04573 /* Products */ = {
			isa = PBXGroup;
			children = (
				09F2060E1C84D7FB00B04573 /* App_internacionalizacion.app */,
			);
			name = Products;
			sourceTree = "<group>";
		};
		09F206101C84D7FB00B04573 /* App_internacionalizacion */ = {
			isa = PBXGroup;
			children = (
				09F206231C84DB3600B04573 /* hello_world.png */,
				09F206111C84D7FB00B04573 /* AppDelegate.swift */,
				09F206131C84D7FB00B04573 /* ViewController.swift */,
				09F206151C84D7FB00B04573 /* Main.storyboard */,
				09F206181C84D7FB00B04573 /* Assets.xcassets */,
				09F2061A1C84D7FB00B04573 /* LaunchScreen.storyboard */,
				09F2061D1C84D7FB00B04573 /* Info.plist */,
			);
			path = App_internacionalizacion;
			sourceTree = "<group>";
		};
/* End PBXGroup section */

/* Begin PBXNativeTarget section */
		09F2060D1C84D7FB00B04573 /* App_internacionalizacion */ = {
			isa = PBXNativeTarget;
			buildConfigurationList = 09F206201C84D7FB00B04573 /* Build configuration list for PBXNativeTarget "App_internacionalizacion" */;
			buildPhases = (
				09F2060A1C84D7FB00B04573 /* Sources */,
				09F2060B1C84D7FB00B04573 /* Frameworks */,
				09F2060C1C84D7FB00B04573 /* Resources */,
			);
			buildRules = (
			);
			dependencies = (
			);
			name = App_internacionalizacion;
			productName = App_internacionalizacion;
			productReference = 09F2060E1C84D7FB00B04573 /* App_internacionalizacion.app */;
			productType = "com.apple.product-type.application";
		};
/* End PBXNativeTarget section */

/* Begin PBXProject section */
		09F206061C84D7FB00B04573 /* Project object */ = {
			isa = PBXProject;
			attributes = {
				LastSwiftUpdateCheck = 0710;
				LastUpgradeCheck = 0710;
				ORGANIZATIONNAME = CICE;
				TargetAttributes = {
					09F2060D1C84D7FB00B04573 = {
						CreatedOnToolsVersion = 7.1.1;
					};
				};
			};
			buildConfigurationList = 09F206091C84D7FB00B04573 /* Build configuration list for PBXProject "App_internacionalizacion" */;
			compatibilityVersion = "Xcode 3.2";
			developmentRegion = English;
			hasScannedForEncodings = 0;
			knownRegions = (
				en,
				Base,
			);
			mainGroup = 09F206051C84D7FB00B04573;
			productRefGroup = 09F2060F1C84D7FB00B04573 /* Products */;
			projectDirPath = "";
			projectRoot = "";
			targets = (
				09F2060D1C84D7FB00B04573 /* App_internacionalizacion */,
			);
		};
/* End PBXProject section */

/* Begin PBXResourcesBuildPhase section */
		09F2060C1C84D7FB00B04573 /* Resources */ = {
			isa = PBXResourcesBuildPhase;
			buildActionMask = 2147483647;
			files = (
				09F2061C1C84D7FB00B04573 /* LaunchScreen.storyboard in Resources */,
				09F206241C84DB3600B04573 /* hello_world.png in Resources */,
				09F206191C84D7FB00B04573 /* Assets.xcassets in Resources */,
				09F206171C84D7FB00B04573 /* Main.storyboard in Resources */,
			);
			runOnlyForDeploymentPostprocessing = 0;
		};
/* End PBXResourcesBuildPhase section */

/* Begin PBXSourcesBuildPhase section */
		09F2060A1C84D7FB00B04573 /* Sources */ = {
			isa = PBXSourcesBuildPhase;
			buildActionMask = 2147483647;
			files = (
				09F206141C84D7FB00B04573 /* ViewController.swift in Sources */,
				09F206121C84D7FB00B04573 /* AppDelegate.swift in Sources */,
			);
			runOnlyForDeploymentPostprocessing = 0;
		};
/* End PBXSourcesBuildPhase section */

/* Begin PBXVariantGroup section */
		09F206151C84D7FB00B04573 /* Main.storyboard */ = {
			isa = PBXVariantGroup;
			children = (
				09F206161C84D7FB00B04573 /* Base */,
			);
			name = Main.storyboard;
			sourceTree = "<group>";
		};
		09F2061A1C84D7FB00B04573 /* LaunchScreen.storyboard */ = {
			isa = PBXVariantGroup;
			children = (
				09F2061B1C84D7FB00B04573 /* Base */,
			);
			name = LaunchScreen.storyboard;
			sourceTree = "<group>";
		};
/* End PBXVariantGroup section */

/* Begin XCBuildConfiguration section */
		09F2061E1C84D7FB00B04573 /* Debug */ = {
			isa = XCBuildConfiguration;
			buildSettings = {
				ALWAYS_SEARCH_USER_PATHS = NO;
				CLANG_CXX_LANGUAGE_STANDARD = "gnu++0x";
				CLANG_CXX_LIBRARY = "libc++";
				CLANG_ENABLE_MODULES = YES;
				CLANG_ENABLE_OBJC_ARC = YES;
				CLANG_WARN_BOOL_CONVERSION = YES;
				CLANG_WARN_CONSTANT_CONVERSION = YES;
				CLANG_WARN_DIRECT_OBJC_ISA_USAGE = YES_ERROR;
				CLANG_WARN_EMPTY_BODY = YES;
				CLANG_WARN_ENUM_CONVERSION = YES;
				CLANG_WARN_INT_CONVERSION = YES;
				CLANG_WARN_OBJC_ROOT_CLASS = YES_ERROR;
				CLANG_WARN_UNREACHABLE_CODE = YES;
				CLANG_WARN__DUPLICATE_METHOD_MATCH = YES;
				"CODE_SIGN_IDENTITY[sdk=iphoneos*]" = "iPhone Developer";
				COPY_PHASE_STRIP = NO;
				DEBUG_INFORMATION_FORMAT = dwarf;
				ENABLE_STRICT_OBJC_MSGSEND = YES;
				ENABLE_TESTABILITY = YES;
				GCC_C_LANGUAGE_STANDARD = gnu99;
				GCC_DYNAMIC_NO_PIC = NO;
				GCC_NO_COMMON_BLOCKS = YES;
				GCC_OPTIMIZATION_LEVEL = 0;
				GCC_PREPROCESSOR_DEFINITIONS = (
					"DEBUG=1",
					"$(inherited)",
				);
				GCC_WARN_64_TO_32_BIT_CONVERSION = YES;
				GCC_WARN_ABOUT_RETURN_TYPE = YES_ERROR;
				GCC_WARN_UNDECLARED_SELECTOR = YES;
				GCC_WARN_UNINITIALIZED_AUTOS = YES_AGGRESSIVE;
				GCC_WARN_UNUSED_FUNCTION = YES;
				GCC_WARN_UNUSED_VARIABLE = YES;
				IPHONEOS_DEPLOYMENT_TARGET = 9.1;
				MTL_ENABLE_DEBUG_INFO = YES;
				ONLY_ACTIVE_ARCH = YES;
				SDKROOT = iphoneos;
				SWIFT_OPTIMIZATION_LEVEL = "-Onone";
				TARGETED_DEVICE_FAMILY = "1,2";
			};
			name = Debug;
		};
		09F2061F1C84D7FB00B04573 /* Release */ = {
			isa = XCBuildConfiguration;
			buildSettings = {
				ALWAYS_SEARCH_USER_PATHS = NO;
				CLANG_CXX_LANGUAGE_STANDARD = "gnu++0x";
				CLANG_CXX_LIBRARY = "libc++";
				CLANG_ENABLE_MODULES = YES;
				CLANG_ENABLE_OBJC_ARC = YES;
				CLANG_WARN_BOOL_CONVERSION = YES;
				CLANG_WARN_CONSTANT_CONVERSION = YES;
				CLANG_WARN_DIRECT_OBJC_ISA_USAGE = YES_ERROR;
				CLANG_WARN_EMPTY_BODY = YES;
				CLANG_WARN_ENUM_CONVERSION = YES;
				CLANG_WARN_INT_CONVERSION = YES;
				CLANG_WARN_OBJC_ROOT_CLASS = YES_ERROR;
				CLANG_WARN_UNREACHABLE_CODE = YES;
				CLANG_WARN__DUPLICATE_METHOD_MATCH = YES;
				"CODE_SIGN_IDENTITY[sdk=iphoneos*]" = "iPhone Developer";
				COPY_PHASE_STRIP = NO;
				DEBUG_INFORMATION_FORMAT = "dwarf-with-dsym";
				ENABLE_NS_ASSERTIONS = NO;
				ENABLE_STRICT_OBJC_MSGSEND = YES;
				GCC_C_LANGUAGE_STANDARD = gnu99;
				GCC_NO_COMMON_BLOCKS = YES;
				GCC_WARN_64_TO_32_BIT_CONVERSION = YES;
				GCC_WARN_ABOUT_RETURN_TYPE = YES_ERROR;
				GCC_WARN_UNDECLARED_SELECTOR = YES;
				GCC_WARN_UNINITIALIZED_AUTOS = YES_AGGRESSIVE;
				GCC_WARN_UNUSED_FUNCTION = YES;
				GCC_WARN_UNUSED_VARIABLE = YES;
				IPHONEOS_DEPLOYMENT_TARGET = 9.1;
				MTL_ENABLE_DEBUG_INFO = NO;
				SDKROOT = iphoneos;
				TARGETED_DEVICE_FAMILY = "1,2";
				VALIDATE_PRODUCT = YES;
			};
			name = Release;
		};
		09F206211C84D7FB00B04573 /* Debug */ = {
			isa = XCBuildConfiguration;
			buildSettings = {
				ASSETCATALOG_COMPILER_APPICON_NAME = AppIcon;
				INFOPLIST_FILE = App_internacionalizacion/Info.plist;
				LD_RUNPATH_SEARCH_PATHS = "$(inherited) @executable_path/Frameworks";
				PRODUCT_BUNDLE_IDENTIFIER = "Pablo.Garcia.App-internacionalizacion";
				PRODUCT_NAME = "$(TARGET_NAME)";
			};
			name = Debug;
		};
		09F206221C84D7FB00B04573 /* Release */ = {
			isa = XCBuildConfiguration;
			buildSettings = {
				ASSETCATALOG_COMPILER_APPICON_NAME = AppIcon;
				INFOPLIST_FILE = App_internacionalizacion/Info.plist;
				LD_RUNPATH_SEARCH_PATHS = "$(inherited) @executable_path/Frameworks";
				PRODUCT_BUNDLE_IDENTIFIER = "Pablo.Garcia.App-internacionalizacion";
				PRODUCT_NAME = "$(TARGET_NAME)";
			};
			name = Release;
		};
/* End XCBuildConfiguration section */

/* Begin XCConfigurationList section */
		09F206091C84D7FB00B04573 /* Build configuration list for PBXProject "App_internacionalizacion" */ = {
			isa = XCConfigurationList;
			buildConfigurations = (
				09F2061E1C84D7FB00B04573 /* Debug */,
				09F2061F1C84D7FB00B04573 /* Release */,
			);
			defaultConfigurationIsVisible = 0;
			defaultConfigurationName = Release;
		};
		09F206201C84D7FB00B04573 /* Build configuration list for PBXNativeTarget "App_internacionalizacion" */ = {
			isa = XCConfigurationList;
			buildConfigurations = (
				09F206211C84D7FB00B04573 /* Debug */,
				09F206221C84D7FB00B04573 /* Release */,
			);
			defaultConfigurationIsVisible = 0;
		};
/* End XCConfigurationList section */
	};
	rootObject = 09F206061C84D7FB00B04573 /* Project object */;
}
