// !$*UTF8*$!
{
	archiveVersion = 1;
	classes = {
	};
	objectVersion = 46;
	objects = {

/* Begin PBXBuildFile section */
		09724FED1C46E6AD000C361A /* AIDViewController.swift in Sources */ = {isa = PBXBuildFile; fileRef = 09724FEC1C46E6AD000C361A /* AIDViewController.swift */; };
		09BFF75D1C44292900CBAE31 /* AppDelegate.swift in Sources */ = {isa = PBXBuildFile; fileRef = 09BFF75C1C44292900CBAE31 /* AppDelegate.swift */; };
		09BFF75F1C44292900CBAE31 /* ViewController.swift in Sources */ = {isa = PBXBuildFile; fileRef = 09BFF75E1C44292900CBAE31 /* ViewController.swift */; };
		09BFF7621C44292900CBAE31 /* Main.storyboard in Resources */ = {isa = PBXBuildFile; fileRef = 09BFF7601C44292900CBAE31 /* Main.storyboard */; };
		09BFF7641C44292900CBAE31 /* Assets.xcassets in Resources */ = {isa = PBXBuildFile; fileRef = 09BFF7631C44292900CBAE31 /* Assets.xcassets */; };
		09BFF7671C44292900CBAE31 /* LaunchScreen.storyboard in Resources */ = {isa = PBXBuildFile; fileRef = 09BFF7651C44292900CBAE31 /* LaunchScreen.storyboard */; };
/* End PBXBuildFile section */

/* Begin PBXFileReference section */
		09724FEC1C46E6AD000C361A /* AIDViewController.swift */ = {isa = PBXFileReference; fileEncoding = 4; lastKnownFileType = sourcecode.swift; path = AIDViewController.swift; sourceTree = "<group>"; };
		09BFF7591C44292900CBAE31 /* App_TableView_1.app */ = {isa = PBXFileReference; explicitFileType = wrapper.application; includeInIndex = 0; path = App_TableView_1.app; sourceTree = BUILT_PRODUCTS_DIR; };
		09BFF75C1C44292900CBAE31 /* AppDelegate.swift */ = {isa = PBXFileReference; lastKnownFileType = sourcecode.swift; path = AppDelegate.swift; sourceTree = "<group>"; };
		09BFF75E1C44292900CBAE31 /* ViewController.swift */ = {isa = PBXFileReference; lastKnownFileType = sourcecode.swift; path = ViewController.swift; sourceTree = "<group>"; };
		09BFF7611C44292900CBAE31 /* Base */ = {isa = PBXFileReference; lastKnownFileType = file.storyboard; name = Base; path = Base.lproj/Main.storyboard; sourceTree = "<group>"; };
		09BFF7631C44292900CBAE31 /* Assets.xcassets */ = {isa = PBXFileReference; lastKnownFileType = folder.assetcatalog; path = Assets.xcassets; sourceTree = "<group>"; };
		09BFF7661C44292900CBAE31 /* Base */ = {isa = PBXFileReference; lastKnownFileType = file.storyboard; name = Base; path = Base.lproj/LaunchScreen.storyboard; sourceTree = "<group>"; };
		09BFF7681C44292900CBAE31 /* Info.plist */ = {isa = PBXFileReference; lastKnownFileType = text.plist.xml; path = Info.plist; sourceTree = "<group>"; };
/* End PBXFileReference section */

/* Begin PBXFrameworksBuildPhase section */
		09BFF7561C44292900CBAE31 /* Frameworks */ = {
			isa = PBXFrameworksBuildPhase;
			buildActionMask = 2147483647;
			files = (
			);
			runOnlyForDeploymentPostprocessing = 0;
		};
/* End PBXFrameworksBuildPhase section */

/* Begin PBXGroup section */
		09BFF7501C44292900CBAE31 = {
			isa = PBXGroup;
			children = (
				09BFF75B1C44292900CBAE31 /* App_TableView_1 */,
				09BFF75A1C44292900CBAE31 /* Products */,
			);
			sourceTree = "<group>";
		};
		09BFF75A1C44292900CBAE31 /* Products */ = {
			isa = PBXGroup;
			children = (
				09BFF7591C44292900CBAE31 /* App_TableView_1.app */,
			);
			name = Products;
			sourceTree = "<group>";
		};
		09BFF75B1C44292900CBAE31 /* App_TableView_1 */ = {
			isa = PBXGroup;
			children = (
				09BFF75C1C44292900CBAE31 /* AppDelegate.swift */,
				09BFF75E1C44292900CBAE31 /* ViewController.swift */,
				09724FEC1C46E6AD000C361A /* AIDViewController.swift */,
				09BFF7601C44292900CBAE31 /* Main.storyboard */,
				09BFF7631C44292900CBAE31 /* Assets.xcassets */,
				09BFF7651C44292900CBAE31 /* LaunchScreen.storyboard */,
				09BFF7681C44292900CBAE31 /* Info.plist */,
			);
			path = App_TableView_1;
			sourceTree = "<group>";
		};
/* End PBXGroup section */

/* Begin PBXNativeTarget section */
		09BFF7581C44292900CBAE31 /* App_TableView_1 */ = {
			isa = PBXNativeTarget;
			buildConfigurationList = 09BFF76B1C44292900CBAE31 /* Build configuration list for PBXNativeTarget "App_TableView_1" */;
			buildPhases = (
				09BFF7551C44292900CBAE31 /* Sources */,
				09BFF7561C44292900CBAE31 /* Frameworks */,
				09BFF7571C44292900CBAE31 /* Resources */,
			);
			buildRules = (
			);
			dependencies = (
			);
			name = App_TableView_1;
			productName = App_TableView_1;
			productReference = 09BFF7591C44292900CBAE31 /* App_TableView_1.app */;
			productType = "com.apple.product-type.application";
		};
/* End PBXNativeTarget section */

/* Begin PBXProject section */
		09BFF7511C44292900CBAE31 /* Project object */ = {
			isa = PBXProject;
			attributes = {
				LastSwiftUpdateCheck = 0710;
				LastUpgradeCheck = 0710;
				ORGANIZATIONNAME = A.I.Dev;
				TargetAttributes = {
					09BFF7581C44292900CBAE31 = {
						CreatedOnToolsVersion = 7.1.1;
					};
				};
			};
			buildConfigurationList = 09BFF7541C44292900CBAE31 /* Build configuration list for PBXProject "App_TableView_1" */;
			compatibilityVersion = "Xcode 3.2";
			developmentRegion = English;
			hasScannedForEncodings = 0;
			knownRegions = (
				en,
				Base,
			);
			mainGroup = 09BFF7501C44292900CBAE31;
			productRefGroup = 09BFF75A1C44292900CBAE31 /* Products */;
			projectDirPath = "";
			projectRoot = "";
			targets = (
				09BFF7581C44292900CBAE31 /* App_TableView_1 */,
			);
		};
/* End PBXProject section */

/* Begin PBXResourcesBuildPhase section */
		09BFF7571C44292900CBAE31 /* Resources */ = {
			isa = PBXResourcesBuildPhase;
			buildActionMask = 2147483647;
			files = (
				09BFF7671C44292900CBAE31 /* LaunchScreen.storyboard in Resources */,
				09BFF7641C44292900CBAE31 /* Assets.xcassets in Resources */,
				09BFF7621C44292900CBAE31 /* Main.storyboard in Resources */,
			);
			runOnlyForDeploymentPostprocessing = 0;
		};
/* End PBXResourcesBuildPhase section */

/* Begin PBXSourcesBuildPhase section */
		09BFF7551C44292900CBAE31 /* Sources */ = {
			isa = PBXSourcesBuildPhase;
			buildActionMask = 2147483647;
			files = (
				09724FED1C46E6AD000C361A /* AIDViewController.swift in Sources */,
				09BFF75F1C44292900CBAE31 /* ViewController.swift in Sources */,
				09BFF75D1C44292900CBAE31 /* AppDelegate.swift in Sources */,
			);
			runOnlyForDeploymentPostprocessing = 0;
		};
/* End PBXSourcesBuildPhase section */

/* Begin PBXVariantGroup section */
		09BFF7601C44292900CBAE31 /* Main.storyboard */ = {
			isa = PBXVariantGroup;
			children = (
				09BFF7611C44292900CBAE31 /* Base */,
			);
			name = Main.storyboard;
			sourceTree = "<group>";
		};
		09BFF7651C44292900CBAE31 /* LaunchScreen.storyboard */ = {
			isa = PBXVariantGroup;
			children = (
				09BFF7661C44292900CBAE31 /* Base */,
			);
			name = LaunchScreen.storyboard;
			sourceTree = "<group>";
		};
/* End PBXVariantGroup section */

/* Begin XCBuildConfiguration section */
		09BFF7691C44292900CBAE31 /* Debug */ = {
			isa = XCBuildConfiguration;
			buildSettings = {
				ALWAYS_SEARCH_USER_PATHS = NO;
				CLANG_CXX_LANGUAGE_STANDARD = "gnu++0x";
				CLANG_CXX_LIBRARY = "libc++";
				CLANG_ENABLE_MODULES = YES;
				CLANG_ENABLE_OBJC_ARC = YES;
				CLANG_WARN_BOOL_CONVERSION = YES;
				CLANG_WARN_CONSTANT_CONVERSION = YES;
				CLANG_WARN_DIRECT_OBJC_ISA_USAGE = YES_ERROR;
				CLANG_WARN_EMPTY_BODY = YES;
				CLANG_WARN_ENUM_CONVERSION = YES;
				CLANG_WARN_INT_CONVERSION = YES;
				CLANG_WARN_OBJC_ROOT_CLASS = YES_ERROR;
				CLANG_WARN_UNREACHABLE_CODE = YES;
				CLANG_WARN__DUPLICATE_METHOD_MATCH = YES;
				"CODE_SIGN_IDENTITY[sdk=iphoneos*]" = "iPhone Developer";
				COPY_PHASE_STRIP = NO;
				DEBUG_INFORMATION_FORMAT = dwarf;
				ENABLE_STRICT_OBJC_MSGSEND = YES;
				ENABLE_TESTABILITY = YES;
				GCC_C_LANGUAGE_STANDARD = gnu99;
				GCC_DYNAMIC_NO_PIC = NO;
				GCC_NO_COMMON_BLOCKS = YES;
				GCC_OPTIMIZATION_LEVEL = 0;
				GCC_PREPROCESSOR_DEFINITIONS = (
					"DEBUG=1",
					"$(inherited)",
				);
				GCC_WARN_64_TO_32_BIT_CONVERSION = YES;
				GCC_WARN_ABOUT_RETURN_TYPE = YES_ERROR;
				GCC_WARN_UNDECLARED_SELECTOR = YES;
				GCC_WARN_UNINITIALIZED_AUTOS = YES_AGGRESSIVE;
				GCC_WARN_UNUSED_FUNCTION = YES;
				GCC_WARN_UNUSED_VARIABLE = YES;
				IPHONEOS_DEPLOYMENT_TARGET = 9.1;
				MTL_ENABLE_DEBUG_INFO = YES;
				ONLY_ACTIVE_ARCH = YES;
				SDKROOT = iphoneos;
				SWIFT_OPTIMIZATION_LEVEL = "-Onone";
				TARGETED_DEVICE_FAMILY = "1,2";
			};
			name = Debug;
		};
		09BFF76A1C44292900CBAE31 /* Release */ = {
			isa = XCBuildConfiguration;
			buildSettings = {
				ALWAYS_SEARCH_USER_PATHS = NO;
				CLANG_CXX_LANGUAGE_STANDARD = "gnu++0x";
				CLANG_CXX_LIBRARY = "libc++";
				CLANG_ENABLE_MODULES = YES;
				CLANG_ENABLE_OBJC_ARC = YES;
				CLANG_WARN_BOOL_CONVERSION = YES;
				CLANG_WARN_CONSTANT_CONVERSION = YES;
				CLANG_WARN_DIRECT_OBJC_ISA_USAGE = YES_ERROR;
				CLANG_WARN_EMPTY_BODY = YES;
				CLANG_WARN_ENUM_CONVERSION = YES;
				CLANG_WARN_INT_CONVERSION = YES;
				CLANG_WARN_OBJC_ROOT_CLASS = YES_ERROR;
				CLANG_WARN_UNREACHABLE_CODE = YES;
				CLANG_WARN__DUPLICATE_METHOD_MATCH = YES;
				"CODE_SIGN_IDENTITY[sdk=iphoneos*]" = "iPhone Developer";
				COPY_PHASE_STRIP = NO;
				DEBUG_INFORMATION_FORMAT = "dwarf-with-dsym";
				ENABLE_NS_ASSERTIONS = NO;
				ENABLE_STRICT_OBJC_MSGSEND = YES;
				GCC_C_LANGUAGE_STANDARD = gnu99;
				GCC_NO_COMMON_BLOCKS = YES;
				GCC_WARN_64_TO_32_BIT_CONVERSION = YES;
				GCC_WARN_ABOUT_RETURN_TYPE = YES_ERROR;
				GCC_WARN_UNDECLARED_SELECTOR = YES;
				GCC_WARN_UNINITIALIZED_AUTOS = YES_AGGRESSIVE;
				GCC_WARN_UNUSED_FUNCTION = YES;
				GCC_WARN_UNUSED_VARIABLE = YES;
				IPHONEOS_DEPLOYMENT_TARGET = 9.1;
				MTL_ENABLE_DEBUG_INFO = NO;
				SDKROOT = iphoneos;
				TARGETED_DEVICE_FAMILY = "1,2";
				VALIDATE_PRODUCT = YES;
			};
			name = Release;
		};
		09BFF76C1C44292900CBAE31 /* Debug */ = {
			isa = XCBuildConfiguration;
			buildSettings = {
				ASSETCATALOG_COMPILER_APPICON_NAME = AppIcon;
				INFOPLIST_FILE = App_TableView_1/Info.plist;
				LD_RUNPATH_SEARCH_PATHS = "$(inherited) @executable_path/Frameworks";
				PRODUCT_BUNDLE_IDENTIFIER = "A.I.Dev.App-TableView-1";
				PRODUCT_NAME = "$(TARGET_NAME)";
			};
			name = Debug;
		};
		09BFF76D1C44292900CBAE31 /* Release */ = {
			isa = XCBuildConfiguration;
			buildSettings = {
				ASSETCATALOG_COMPILER_APPICON_NAME = AppIcon;
				INFOPLIST_FILE = App_TableView_1/Info.plist;
				LD_RUNPATH_SEARCH_PATHS = "$(inherited) @executable_path/Frameworks";
				PRODUCT_BUNDLE_IDENTIFIER = "A.I.Dev.App-TableView-1";
				PRODUCT_NAME = "$(TARGET_NAME)";
			};
			name = Release;
		};
/* End XCBuildConfiguration section */

/* Begin XCConfigurationList section */
		09BFF7541C44292900CBAE31 /* Build configuration list for PBXProject "App_TableView_1" */ = {
			isa = XCConfigurationList;
			buildConfigurations = (
				09BFF7691C44292900CBAE31 /* Debug */,
				09BFF76A1C44292900CBAE31 /* Release */,
			);
			defaultConfigurationIsVisible = 0;
			defaultConfigurationName = Release;
		};
		09BFF76B1C44292900CBAE31 /* Build configuration list for PBXNativeTarget "App_TableView_1" */ = {
			isa = XCConfigurationList;
			buildConfigurations = (
				09BFF76C1C44292900CBAE31 /* Debug */,
				09BFF76D1C44292900CBAE31 /* Release */,
			);
			defaultConfigurationIsVisible = 0;
			defaultConfigurationName = Release;
		};
/* End XCConfigurationList section */
	};
	rootObject = 09BFF7511C44292900CBAE31 /* Project object */;
}
