// !$*UTF8*$!
{
	archiveVersion = 1;
	classes = {
	};
	objectVersion = 46;
	objects = {

/* Begin PBXBuildFile section */
		0974AF351C4D69B100699EB4 /* AIDTareasViewController.swift in Sources */ = {isa = PBXBuildFile; fileRef = 0974AF341C4D69B100699EB4 /* AIDTareasViewController.swift */; };
		0974AF371C4D6A2200699EB4 /* AIDCategoriaTableViewController.swift in Sources */ = {isa = PBXBuildFile; fileRef = 0974AF361C4D6A2200699EB4 /* AIDCategoriaTableViewController.swift */; };
		0974AF391C4D6A3900699EB4 /* AIDListadoTareasTableViewController.swift in Sources */ = {isa = PBXBuildFile; fileRef = 0974AF381C4D6A3900699EB4 /* AIDListadoTareasTableViewController.swift */; };
		0974AF3B1C4D6A6300699EB4 /* AIDDetalleViewController.swift in Sources */ = {isa = PBXBuildFile; fileRef = 0974AF3A1C4D6A6300699EB4 /* AIDDetalleViewController.swift */; };
		0974AF3D1C4D7A0B00699EB4 /* AIDCustomCell.swift in Sources */ = {isa = PBXBuildFile; fileRef = 0974AF3C1C4D7A0B00699EB4 /* AIDCustomCell.swift */; };
		09CDB4171C4D63F7008EBCAA /* AppDelegate.swift in Sources */ = {isa = PBXBuildFile; fileRef = 09CDB4161C4D63F7008EBCAA /* AppDelegate.swift */; };
		09CDB4191C4D63F7008EBCAA /* ViewController.swift in Sources */ = {isa = PBXBuildFile; fileRef = 09CDB4181C4D63F7008EBCAA /* ViewController.swift */; };
		09CDB41C1C4D63F7008EBCAA /* Main.storyboard in Resources */ = {isa = PBXBuildFile; fileRef = 09CDB41A1C4D63F7008EBCAA /* Main.storyboard */; };
		09CDB41E1C4D63F7008EBCAA /* Assets.xcassets in Resources */ = {isa = PBXBuildFile; fileRef = 09CDB41D1C4D63F7008EBCAA /* Assets.xcassets */; };
		09CDB4211C4D63F7008EBCAA /* LaunchScreen.storyboard in Resources */ = {isa = PBXBuildFile; fileRef = 09CDB41F1C4D63F7008EBCAA /* LaunchScreen.storyboard */; };
/* End PBXBuildFile section */

/* Begin PBXFileReference section */
		0974AF341C4D69B100699EB4 /* AIDTareasViewController.swift */ = {isa = PBXFileReference; fileEncoding = 4; lastKnownFileType = sourcecode.swift; path = AIDTareasViewController.swift; sourceTree = "<group>"; };
		0974AF361C4D6A2200699EB4 /* AIDCategoriaTableViewController.swift */ = {isa = PBXFileReference; fileEncoding = 4; lastKnownFileType = sourcecode.swift; path = AIDCategoriaTableViewController.swift; sourceTree = "<group>"; };
		0974AF381C4D6A3900699EB4 /* AIDListadoTareasTableViewController.swift */ = {isa = PBXFileReference; fileEncoding = 4; lastKnownFileType = sourcecode.swift; path = AIDListadoTareasTableViewController.swift; sourceTree = "<group>"; };
		0974AF3A1C4D6A6300699EB4 /* AIDDetalleViewController.swift */ = {isa = PBXFileReference; fileEncoding = 4; lastKnownFileType = sourcecode.swift; path = AIDDetalleViewController.swift; sourceTree = "<group>"; };
		0974AF3C1C4D7A0B00699EB4 /* AIDCustomCell.swift */ = {isa = PBXFileReference; fileEncoding = 4; lastKnownFileType = sourcecode.swift; path = AIDCustomCell.swift; sourceTree = "<group>"; };
		09CDB4131C4D63F7008EBCAA /* App_Listado_de_tareas.app */ = {isa = PBXFileReference; explicitFileType = wrapper.application; includeInIndex = 0; path = App_Listado_de_tareas.app; sourceTree = BUILT_PRODUCTS_DIR; };
		09CDB4161C4D63F7008EBCAA /* AppDelegate.swift */ = {isa = PBXFileReference; lastKnownFileType = sourcecode.swift; path = AppDelegate.swift; sourceTree = "<group>"; };
		09CDB4181C4D63F7008EBCAA /* ViewController.swift */ = {isa = PBXFileReference; lastKnownFileType = sourcecode.swift; path = ViewController.swift; sourceTree = "<group>"; };
		09CDB41B1C4D63F7008EBCAA /* Base */ = {isa = PBXFileReference; lastKnownFileType = file.storyboard; name = Base; path = Base.lproj/Main.storyboard; sourceTree = "<group>"; };
		09CDB41D1C4D63F7008EBCAA /* Assets.xcassets */ = {isa = PBXFileReference; lastKnownFileType = folder.assetcatalog; path = Assets.xcassets; sourceTree = "<group>"; };
		09CDB4201C4D63F7008EBCAA /* Base */ = {isa = PBXFileReference; lastKnownFileType = file.storyboard; name = Base; path = Base.lproj/LaunchScreen.storyboard; sourceTree = "<group>"; };
		09CDB4221C4D63F7008EBCAA /* Info.plist */ = {isa = PBXFileReference; lastKnownFileType = text.plist.xml; path = Info.plist; sourceTree = "<group>"; };
/* End PBXFileReference section */

/* Begin PBXFrameworksBuildPhase section */
		09CDB4101C4D63F7008EBCAA /* Frameworks */ = {
			isa = PBXFrameworksBuildPhase;
			buildActionMask = 2147483647;
			files = (
			);
			runOnlyForDeploymentPostprocessing = 0;
		};
/* End PBXFrameworksBuildPhase section */

/* Begin PBXGroup section */
		09CDB40A1C4D63F7008EBCAA = {
			isa = PBXGroup;
			children = (
				09CDB4151C4D63F7008EBCAA /* App_Listado_de_tareas */,
				09CDB4141C4D63F7008EBCAA /* Products */,
			);
			sourceTree = "<group>";
		};
		09CDB4141C4D63F7008EBCAA /* Products */ = {
			isa = PBXGroup;
			children = (
				09CDB4131C4D63F7008EBCAA /* App_Listado_de_tareas.app */,
			);
			name = Products;
			sourceTree = "<group>";
		};
		09CDB4151C4D63F7008EBCAA /* App_Listado_de_tareas */ = {
			isa = PBXGroup;
			children = (
				09CDB4161C4D63F7008EBCAA /* AppDelegate.swift */,
				09CDB4181C4D63F7008EBCAA /* ViewController.swift */,
				09CDB41A1C4D63F7008EBCAA /* Main.storyboard */,
				09CDB41D1C4D63F7008EBCAA /* Assets.xcassets */,
				09CDB41F1C4D63F7008EBCAA /* LaunchScreen.storyboard */,
				09CDB4221C4D63F7008EBCAA /* Info.plist */,
				0974AF341C4D69B100699EB4 /* AIDTareasViewController.swift */,
				0974AF361C4D6A2200699EB4 /* AIDCategoriaTableViewController.swift */,
				0974AF381C4D6A3900699EB4 /* AIDListadoTareasTableViewController.swift */,
				0974AF3A1C4D6A6300699EB4 /* AIDDetalleViewController.swift */,
				0974AF3C1C4D7A0B00699EB4 /* AIDCustomCell.swift */,
			);
			path = App_Listado_de_tareas;
			sourceTree = "<group>";
		};
/* End PBXGroup section */

/* Begin PBXNativeTarget section */
		09CDB4121C4D63F7008EBCAA /* App_Listado_de_tareas */ = {
			isa = PBXNativeTarget;
			buildConfigurationList = 09CDB4251C4D63F7008EBCAA /* Build configuration list for PBXNativeTarget "App_Listado_de_tareas" */;
			buildPhases = (
				09CDB40F1C4D63F7008EBCAA /* Sources */,
				09CDB4101C4D63F7008EBCAA /* Frameworks */,
				09CDB4111C4D63F7008EBCAA /* Resources */,
			);
			buildRules = (
			);
			dependencies = (
			);
			name = App_Listado_de_tareas;
			productName = App_Listado_de_tareas;
			productReference = 09CDB4131C4D63F7008EBCAA /* App_Listado_de_tareas.app */;
			productType = "com.apple.product-type.application";
		};
/* End PBXNativeTarget section */

/* Begin PBXProject section */
		09CDB40B1C4D63F7008EBCAA /* Project object */ = {
			isa = PBXProject;
			attributes = {
				LastSwiftUpdateCheck = 0710;
				LastUpgradeCheck = 0710;
				ORGANIZATIONNAME = CICE;
				TargetAttributes = {
					09CDB4121C4D63F7008EBCAA = {
						CreatedOnToolsVersion = 7.1.1;
					};
				};
			};
			buildConfigurationList = 09CDB40E1C4D63F7008EBCAA /* Build configuration list for PBXProject "App_Listado_de_tareas" */;
			compatibilityVersion = "Xcode 3.2";
			developmentRegion = English;
			hasScannedForEncodings = 0;
			knownRegions = (
				en,
				Base,
			);
			mainGroup = 09CDB40A1C4D63F7008EBCAA;
			productRefGroup = 09CDB4141C4D63F7008EBCAA /* Products */;
			projectDirPath = "";
			projectRoot = "";
			targets = (
				09CDB4121C4D63F7008EBCAA /* App_Listado_de_tareas */,
			);
		};
/* End PBXProject section */

/* Begin PBXResourcesBuildPhase section */
		09CDB4111C4D63F7008EBCAA /* Resources */ = {
			isa = PBXResourcesBuildPhase;
			buildActionMask = 2147483647;
			files = (
				09CDB4211C4D63F7008EBCAA /* LaunchScreen.storyboard in Resources */,
				09CDB41E1C4D63F7008EBCAA /* Assets.xcassets in Resources */,
				09CDB41C1C4D63F7008EBCAA /* Main.storyboard in Resources */,
			);
			runOnlyForDeploymentPostprocessing = 0;
		};
/* End PBXResourcesBuildPhase section */

/* Begin PBXSourcesBuildPhase section */
		09CDB40F1C4D63F7008EBCAA /* Sources */ = {
			isa = PBXSourcesBuildPhase;
			buildActionMask = 2147483647;
			files = (
				0974AF371C4D6A2200699EB4 /* AIDCategoriaTableViewController.swift in Sources */,
				0974AF3B1C4D6A6300699EB4 /* AIDDetalleViewController.swift in Sources */,
				09CDB4191C4D63F7008EBCAA /* ViewController.swift in Sources */,
				0974AF3D1C4D7A0B00699EB4 /* AIDCustomCell.swift in Sources */,
				09CDB4171C4D63F7008EBCAA /* AppDelegate.swift in Sources */,
				0974AF391C4D6A3900699EB4 /* AIDListadoTareasTableViewController.swift in Sources */,
				0974AF351C4D69B100699EB4 /* AIDTareasViewController.swift in Sources */,
			);
			runOnlyForDeploymentPostprocessing = 0;
		};
/* End PBXSourcesBuildPhase section */

/* Begin PBXVariantGroup section */
		09CDB41A1C4D63F7008EBCAA /* Main.storyboard */ = {
			isa = PBXVariantGroup;
			children = (
				09CDB41B1C4D63F7008EBCAA /* Base */,
			);
			name = Main.storyboard;
			sourceTree = "<group>";
		};
		09CDB41F1C4D63F7008EBCAA /* LaunchScreen.storyboard */ = {
			isa = PBXVariantGroup;
			children = (
				09CDB4201C4D63F7008EBCAA /* Base */,
			);
			name = LaunchScreen.storyboard;
			sourceTree = "<group>";
		};
/* End PBXVariantGroup section */

/* Begin XCBuildConfiguration section */
		09CDB4231C4D63F7008EBCAA /* Debug */ = {
			isa = XCBuildConfiguration;
			buildSettings = {
				ALWAYS_SEARCH_USER_PATHS = NO;
				CLANG_CXX_LANGUAGE_STANDARD = "gnu++0x";
				CLANG_CXX_LIBRARY = "libc++";
				CLANG_ENABLE_MODULES = YES;
				CLANG_ENABLE_OBJC_ARC = YES;
				CLANG_WARN_BOOL_CONVERSION = YES;
				CLANG_WARN_CONSTANT_CONVERSION = YES;
				CLANG_WARN_DIRECT_OBJC_ISA_USAGE = YES_ERROR;
				CLANG_WARN_EMPTY_BODY = YES;
				CLANG_WARN_ENUM_CONVERSION = YES;
				CLANG_WARN_INT_CONVERSION = YES;
				CLANG_WARN_OBJC_ROOT_CLASS = YES_ERROR;
				CLANG_WARN_UNREACHABLE_CODE = YES;
				CLANG_WARN__DUPLICATE_METHOD_MATCH = YES;
				"CODE_SIGN_IDENTITY[sdk=iphoneos*]" = "iPhone Developer";
				COPY_PHASE_STRIP = NO;
				DEBUG_INFORMATION_FORMAT = dwarf;
				ENABLE_STRICT_OBJC_MSGSEND = YES;
				ENABLE_TESTABILITY = YES;
				GCC_C_LANGUAGE_STANDARD = gnu99;
				GCC_DYNAMIC_NO_PIC = NO;
				GCC_NO_COMMON_BLOCKS = YES;
				GCC_OPTIMIZATION_LEVEL = 0;
				GCC_PREPROCESSOR_DEFINITIONS = (
					"DEBUG=1",
					"$(inherited)",
				);
				GCC_WARN_64_TO_32_BIT_CONVERSION = YES;
				GCC_WARN_ABOUT_RETURN_TYPE = YES_ERROR;
				GCC_WARN_UNDECLARED_SELECTOR = YES;
				GCC_WARN_UNINITIALIZED_AUTOS = YES_AGGRESSIVE;
				GCC_WARN_UNUSED_FUNCTION = YES;
				GCC_WARN_UNUSED_VARIABLE = YES;
				IPHONEOS_DEPLOYMENT_TARGET = 9.1;
				MTL_ENABLE_DEBUG_INFO = YES;
				ONLY_ACTIVE_ARCH = YES;
				SDKROOT = iphoneos;
				SWIFT_OPTIMIZATION_LEVEL = "-Onone";
			};
			name = Debug;
		};
		09CDB4241C4D63F7008EBCAA /* Release */ = {
			isa = XCBuildConfiguration;
			buildSettings = {
				ALWAYS_SEARCH_USER_PATHS = NO;
				CLANG_CXX_LANGUAGE_STANDARD = "gnu++0x";
				CLANG_CXX_LIBRARY = "libc++";
				CLANG_ENABLE_MODULES = YES;
				CLANG_ENABLE_OBJC_ARC = YES;
				CLANG_WARN_BOOL_CONVERSION = YES;
				CLANG_WARN_CONSTANT_CONVERSION = YES;
				CLANG_WARN_DIRECT_OBJC_ISA_USAGE = YES_ERROR;
				CLANG_WARN_EMPTY_BODY = YES;
				CLANG_WARN_ENUM_CONVERSION = YES;
				CLANG_WARN_INT_CONVERSION = YES;
				CLANG_WARN_OBJC_ROOT_CLASS = YES_ERROR;
				CLANG_WARN_UNREACHABLE_CODE = YES;
				CLANG_WARN__DUPLICATE_METHOD_MATCH = YES;
				"CODE_SIGN_IDENTITY[sdk=iphoneos*]" = "iPhone Developer";
				COPY_PHASE_STRIP = NO;
				DEBUG_INFORMATION_FORMAT = "dwarf-with-dsym";
				ENABLE_NS_ASSERTIONS = NO;
				ENABLE_STRICT_OBJC_MSGSEND = YES;
				GCC_C_LANGUAGE_STANDARD = gnu99;
				GCC_NO_COMMON_BLOCKS = YES;
				GCC_WARN_64_TO_32_BIT_CONVERSION = YES;
				GCC_WARN_ABOUT_RETURN_TYPE = YES_ERROR;
				GCC_WARN_UNDECLARED_SELECTOR = YES;
				GCC_WARN_UNINITIALIZED_AUTOS = YES_AGGRESSIVE;
				GCC_WARN_UNUSED_FUNCTION = YES;
				GCC_WARN_UNUSED_VARIABLE = YES;
				IPHONEOS_DEPLOYMENT_TARGET = 9.1;
				MTL_ENABLE_DEBUG_INFO = NO;
				SDKROOT = iphoneos;
				VALIDATE_PRODUCT = YES;
			};
			name = Release;
		};
		09CDB4261C4D63F7008EBCAA /* Debug */ = {
			isa = XCBuildConfiguration;
			buildSettings = {
				ASSETCATALOG_COMPILER_APPICON_NAME = AppIcon;
				INFOPLIST_FILE = App_Listado_de_tareas/Info.plist;
				LD_RUNPATH_SEARCH_PATHS = "$(inherited) @executable_path/Frameworks";
				PRODUCT_BUNDLE_IDENTIFIER = "a.i.dev.App-Listado-de-tareas";
				PRODUCT_NAME = "$(TARGET_NAME)";
			};
			name = Debug;
		};
		09CDB4271C4D63F7008EBCAA /* Release */ = {
			isa = XCBuildConfiguration;
			buildSettings = {
				ASSETCATALOG_COMPILER_APPICON_NAME = AppIcon;
				INFOPLIST_FILE = App_Listado_de_tareas/Info.plist;
				LD_RUNPATH_SEARCH_PATHS = "$(inherited) @executable_path/Frameworks";
				PRODUCT_BUNDLE_IDENTIFIER = "a.i.dev.App-Listado-de-tareas";
				PRODUCT_NAME = "$(TARGET_NAME)";
			};
			name = Release;
		};
/* End XCBuildConfiguration section */

/* Begin XCConfigurationList section */
		09CDB40E1C4D63F7008EBCAA /* Build configuration list for PBXProject "App_Listado_de_tareas" */ = {
			isa = XCConfigurationList;
			buildConfigurations = (
				09CDB4231C4D63F7008EBCAA /* Debug */,
				09CDB4241C4D63F7008EBCAA /* Release */,
			);
			defaultConfigurationIsVisible = 0;
			defaultConfigurationName = Release;
		};
		09CDB4251C4D63F7008EBCAA /* Build configuration list for PBXNativeTarget "App_Listado_de_tareas" */ = {
			isa = XCConfigurationList;
			buildConfigurations = (
				09CDB4261C4D63F7008EBCAA /* Debug */,
				09CDB4271C4D63F7008EBCAA /* Release */,
			);
			defaultConfigurationIsVisible = 0;
			defaultConfigurationName = Release;
		};
/* End XCConfigurationList section */
	};
	rootObject = 09CDB40B1C4D63F7008EBCAA /* Project object */;
}
