// !$*UTF8*$!
{
	archiveVersion = 1;
	classes = {
	};
	objectVersion = 46;
	objects = {

/* Begin PBXBuildFile section */
		09C5301F1C84C162000F5242 /* AppDelegate.swift in Sources */ = {isa = PBXBuildFile; fileRef = 09C5301E1C84C162000F5242 /* AppDelegate.swift */; };
		09C530211C84C162000F5242 /* ViewController.swift in Sources */ = {isa = PBXBuildFile; fileRef = 09C530201C84C162000F5242 /* ViewController.swift */; };
		09C530241C84C162000F5242 /* Main.storyboard in Resources */ = {isa = PBXBuildFile; fileRef = 09C530221C84C162000F5242 /* Main.storyboard */; };
		09C530261C84C162000F5242 /* Assets.xcassets in Resources */ = {isa = PBXBuildFile; fileRef = 09C530251C84C162000F5242 /* Assets.xcassets */; };
		09C530291C84C162000F5242 /* LaunchScreen.storyboard in Resources */ = {isa = PBXBuildFile; fileRef = 09C530271C84C162000F5242 /* LaunchScreen.storyboard */; };
/* End PBXBuildFile section */

/* Begin PBXFileReference section */
		09C5301B1C84C162000F5242 /* App_Facebook.app */ = {isa = PBXFileReference; explicitFileType = wrapper.application; includeInIndex = 0; path = App_Facebook.app; sourceTree = BUILT_PRODUCTS_DIR; };
		09C5301E1C84C162000F5242 /* AppDelegate.swift */ = {isa = PBXFileReference; lastKnownFileType = sourcecode.swift; path = AppDelegate.swift; sourceTree = "<group>"; };
		09C530201C84C162000F5242 /* ViewController.swift */ = {isa = PBXFileReference; lastKnownFileType = sourcecode.swift; path = ViewController.swift; sourceTree = "<group>"; };
		09C530231C84C162000F5242 /* Base */ = {isa = PBXFileReference; lastKnownFileType = file.storyboard; name = Base; path = Base.lproj/Main.storyboard; sourceTree = "<group>"; };
		09C530251C84C162000F5242 /* Assets.xcassets */ = {isa = PBXFileReference; lastKnownFileType = folder.assetcatalog; path = Assets.xcassets; sourceTree = "<group>"; };
		09C530281C84C162000F5242 /* Base */ = {isa = PBXFileReference; lastKnownFileType = file.storyboard; name = Base; path = Base.lproj/LaunchScreen.storyboard; sourceTree = "<group>"; };
		09C5302A1C84C162000F5242 /* Info.plist */ = {isa = PBXFileReference; lastKnownFileType = text.plist.xml; path = Info.plist; sourceTree = "<group>"; };
/* End PBXFileReference section */

/* Begin PBXFrameworksBuildPhase section */
		09C530181C84C162000F5242 /* Frameworks */ = {
			isa = PBXFrameworksBuildPhase;
			buildActionMask = 2147483647;
			files = (
			);
			runOnlyForDeploymentPostprocessing = 0;
		};
/* End PBXFrameworksBuildPhase section */

/* Begin PBXGroup section */
		09C530121C84C162000F5242 = {
			isa = PBXGroup;
			children = (
				09C5301D1C84C162000F5242 /* App_Facebook */,
				09C5301C1C84C162000F5242 /* Products */,
			);
			sourceTree = "<group>";
		};
		09C5301C1C84C162000F5242 /* Products */ = {
			isa = PBXGroup;
			children = (
				09C5301B1C84C162000F5242 /* App_Facebook.app */,
			);
			name = Products;
			sourceTree = "<group>";
		};
		09C5301D1C84C162000F5242 /* App_Facebook */ = {
			isa = PBXGroup;
			children = (
				09C5301E1C84C162000F5242 /* AppDelegate.swift */,
				09C530201C84C162000F5242 /* ViewController.swift */,
				09C530221C84C162000F5242 /* Main.storyboard */,
				09C530251C84C162000F5242 /* Assets.xcassets */,
				09C530271C84C162000F5242 /* LaunchScreen.storyboard */,
				09C5302A1C84C162000F5242 /* Info.plist */,
			);
			path = App_Facebook;
			sourceTree = "<group>";
		};
/* End PBXGroup section */

/* Begin PBXNativeTarget section */
		09C5301A1C84C162000F5242 /* App_Facebook */ = {
			isa = PBXNativeTarget;
			buildConfigurationList = 09C5302D1C84C162000F5242 /* Build configuration list for PBXNativeTarget "App_Facebook" */;
			buildPhases = (
				09C530171C84C162000F5242 /* Sources */,
				09C530181C84C162000F5242 /* Frameworks */,
				09C530191C84C162000F5242 /* Resources */,
			);
			buildRules = (
			);
			dependencies = (
			);
			name = App_Facebook;
			productName = App_Facebook;
			productReference = 09C5301B1C84C162000F5242 /* App_Facebook.app */;
			productType = "com.apple.product-type.application";
		};
/* End PBXNativeTarget section */

/* Begin PBXProject section */
		09C530131C84C162000F5242 /* Project object */ = {
			isa = PBXProject;
			attributes = {
				LastSwiftUpdateCheck = 0710;
				LastUpgradeCheck = 0710;
				ORGANIZATIONNAME = CICE;
				TargetAttributes = {
					09C5301A1C84C162000F5242 = {
						CreatedOnToolsVersion = 7.1.1;
					};
				};
			};
			buildConfigurationList = 09C530161C84C162000F5242 /* Build configuration list for PBXProject "App_Facebook" */;
			compatibilityVersion = "Xcode 3.2";
			developmentRegion = English;
			hasScannedForEncodings = 0;
			knownRegions = (
				en,
				Base,
			);
			mainGroup = 09C530121C84C162000F5242;
			productRefGroup = 09C5301C1C84C162000F5242 /* Products */;
			projectDirPath = "";
			projectRoot = "";
			targets = (
				09C5301A1C84C162000F5242 /* App_Facebook */,
			);
		};
/* End PBXProject section */

/* Begin PBXResourcesBuildPhase section */
		09C530191C84C162000F5242 /* Resources */ = {
			isa = PBXResourcesBuildPhase;
			buildActionMask = 2147483647;
			files = (
				09C530291C84C162000F5242 /* LaunchScreen.storyboard in Resources */,
				09C530261C84C162000F5242 /* Assets.xcassets in Resources */,
				09C530241C84C162000F5242 /* Main.storyboard in Resources */,
			);
			runOnlyForDeploymentPostprocessing = 0;
		};
/* End PBXResourcesBuildPhase section */

/* Begin PBXSourcesBuildPhase section */
		09C530171C84C162000F5242 /* Sources */ = {
			isa = PBXSourcesBuildPhase;
			buildActionMask = 2147483647;
			files = (
				09C530211C84C162000F5242 /* ViewController.swift in Sources */,
				09C5301F1C84C162000F5242 /* AppDelegate.swift in Sources */,
			);
			runOnlyForDeploymentPostprocessing = 0;
		};
/* End PBXSourcesBuildPhase section */

/* Begin PBXVariantGroup section */
		09C530221C84C162000F5242 /* Main.storyboard */ = {
			isa = PBXVariantGroup;
			children = (
				09C530231C84C162000F5242 /* Base */,
			);
			name = Main.storyboard;
			sourceTree = "<group>";
		};
		09C530271C84C162000F5242 /* LaunchScreen.storyboard */ = {
			isa = PBXVariantGroup;
			children = (
				09C530281C84C162000F5242 /* Base */,
			);
			name = LaunchScreen.storyboard;
			sourceTree = "<group>";
		};
/* End PBXVariantGroup section */

/* Begin XCBuildConfiguration section */
		09C5302B1C84C162000F5242 /* Debug */ = {
			isa = XCBuildConfiguration;
			buildSettings = {
				ALWAYS_SEARCH_USER_PATHS = NO;
				CLANG_CXX_LANGUAGE_STANDARD = "gnu++0x";
				CLANG_CXX_LIBRARY = "libc++";
				CLANG_ENABLE_MODULES = YES;
				CLANG_ENABLE_OBJC_ARC = YES;
				CLANG_WARN_BOOL_CONVERSION = YES;
				CLANG_WARN_CONSTANT_CONVERSION = YES;
				CLANG_WARN_DIRECT_OBJC_ISA_USAGE = YES_ERROR;
				CLANG_WARN_EMPTY_BODY = YES;
				CLANG_WARN_ENUM_CONVERSION = YES;
				CLANG_WARN_INT_CONVERSION = YES;
				CLANG_WARN_OBJC_ROOT_CLASS = YES_ERROR;
				CLANG_WARN_UNREACHABLE_CODE = YES;
				CLANG_WARN__DUPLICATE_METHOD_MATCH = YES;
				"CODE_SIGN_IDENTITY[sdk=iphoneos*]" = "iPhone Developer";
				COPY_PHASE_STRIP = NO;
				DEBUG_INFORMATION_FORMAT = dwarf;
				ENABLE_STRICT_OBJC_MSGSEND = YES;
				ENABLE_TESTABILITY = YES;
				GCC_C_LANGUAGE_STANDARD = gnu99;
				GCC_DYNAMIC_NO_PIC = NO;
				GCC_NO_COMMON_BLOCKS = YES;
				GCC_OPTIMIZATION_LEVEL = 0;
				GCC_PREPROCESSOR_DEFINITIONS = (
					"DEBUG=1",
					"$(inherited)",
				);
				GCC_WARN_64_TO_32_BIT_CONVERSION = YES;
				GCC_WARN_ABOUT_RETURN_TYPE = YES_ERROR;
				GCC_WARN_UNDECLARED_SELECTOR = YES;
				GCC_WARN_UNINITIALIZED_AUTOS = YES_AGGRESSIVE;
				GCC_WARN_UNUSED_FUNCTION = YES;
				GCC_WARN_UNUSED_VARIABLE = YES;
				IPHONEOS_DEPLOYMENT_TARGET = 9.1;
				MTL_ENABLE_DEBUG_INFO = YES;
				ONLY_ACTIVE_ARCH = YES;
				SDKROOT = iphoneos;
				SWIFT_OPTIMIZATION_LEVEL = "-Onone";
				TARGETED_DEVICE_FAMILY = "1,2";
			};
			name = Debug;
		};
		09C5302C1C84C162000F5242 /* Release */ = {
			isa = XCBuildConfiguration;
			buildSettings = {
				ALWAYS_SEARCH_USER_PATHS = NO;
				CLANG_CXX_LANGUAGE_STANDARD = "gnu++0x";
				CLANG_CXX_LIBRARY = "libc++";
				CLANG_ENABLE_MODULES = YES;
				CLANG_ENABLE_OBJC_ARC = YES;
				CLANG_WARN_BOOL_CONVERSION = YES;
				CLANG_WARN_CONSTANT_CONVERSION = YES;
				CLANG_WARN_DIRECT_OBJC_ISA_USAGE = YES_ERROR;
				CLANG_WARN_EMPTY_BODY = YES;
				CLANG_WARN_ENUM_CONVERSION = YES;
				CLANG_WARN_INT_CONVERSION = YES;
				CLANG_WARN_OBJC_ROOT_CLASS = YES_ERROR;
				CLANG_WARN_UNREACHABLE_CODE = YES;
				CLANG_WARN__DUPLICATE_METHOD_MATCH = YES;
				"CODE_SIGN_IDENTITY[sdk=iphoneos*]" = "iPhone Developer";
				COPY_PHASE_STRIP = NO;
				DEBUG_INFORMATION_FORMAT = "dwarf-with-dsym";
				ENABLE_NS_ASSERTIONS = NO;
				ENABLE_STRICT_OBJC_MSGSEND = YES;
				GCC_C_LANGUAGE_STANDARD = gnu99;
				GCC_NO_COMMON_BLOCKS = YES;
				GCC_WARN_64_TO_32_BIT_CONVERSION = YES;
				GCC_WARN_ABOUT_RETURN_TYPE = YES_ERROR;
				GCC_WARN_UNDECLARED_SELECTOR = YES;
				GCC_WARN_UNINITIALIZED_AUTOS = YES_AGGRESSIVE;
				GCC_WARN_UNUSED_FUNCTION = YES;
				GCC_WARN_UNUSED_VARIABLE = YES;
				IPHONEOS_DEPLOYMENT_TARGET = 9.1;
				MTL_ENABLE_DEBUG_INFO = NO;
				SDKROOT = iphoneos;
				TARGETED_DEVICE_FAMILY = "1,2";
				VALIDATE_PRODUCT = YES;
			};
			name = Release;
		};
		09C5302E1C84C162000F5242 /* Debug */ = {
			isa = XCBuildConfiguration;
			buildSettings = {
				ASSETCATALOG_COMPILER_APPICON_NAME = AppIcon;
				INFOPLIST_FILE = App_Facebook/Info.plist;
				LD_RUNPATH_SEARCH_PATHS = "$(inherited) @executable_path/Frameworks";
				PRODUCT_BUNDLE_IDENTIFIER = "Pablo.Garcia.App-Facebook";
				PRODUCT_NAME = "$(TARGET_NAME)";
			};
			name = Debug;
		};
		09C5302F1C84C162000F5242 /* Release */ = {
			isa = XCBuildConfiguration;
			buildSettings = {
				ASSETCATALOG_COMPILER_APPICON_NAME = AppIcon;
				INFOPLIST_FILE = App_Facebook/Info.plist;
				LD_RUNPATH_SEARCH_PATHS = "$(inherited) @executable_path/Frameworks";
				PRODUCT_BUNDLE_IDENTIFIER = "Pablo.Garcia.App-Facebook";
				PRODUCT_NAME = "$(TARGET_NAME)";
			};
			name = Release;
		};
/* End XCBuildConfiguration section */

/* Begin XCConfigurationList section */
		09C530161C84C162000F5242 /* Build configuration list for PBXProject "App_Facebook" */ = {
			isa = XCConfigurationList;
			buildConfigurations = (
				09C5302B1C84C162000F5242 /* Debug */,
				09C5302C1C84C162000F5242 /* Release */,
			);
			defaultConfigurationIsVisible = 0;
			defaultConfigurationName = Release;
		};
		09C5302D1C84C162000F5242 /* Build configuration list for PBXNativeTarget "App_Facebook" */ = {
			isa = XCConfigurationList;
			buildConfigurations = (
				09C5302E1C84C162000F5242 /* Debug */,
				09C5302F1C84C162000F5242 /* Release */,
			);
			defaultConfigurationIsVisible = 0;
		};
/* End XCConfigurationList section */
	};
	rootObject = 09C530131C84C162000F5242 /* Project object */;
}
