// !$*UTF8*$!
{
	archiveVersion = 1;
	classes = {
	};
	objectVersion = 46;
	objects = {

/* Begin PBXBuildFile section */
		09724FC31C46CD97000C361A /* AppDelegate.swift in Sources */ = {isa = PBXBuildFile; fileRef = 09724FC21C46CD97000C361A /* AppDelegate.swift */; };
		09724FC81C46CD97000C361A /* Main.storyboard in Resources */ = {isa = PBXBuildFile; fileRef = 09724FC61C46CD97000C361A /* Main.storyboard */; };
		09724FCA1C46CD97000C361A /* Assets.xcassets in Resources */ = {isa = PBXBuildFile; fileRef = 09724FC91C46CD97000C361A /* Assets.xcassets */; };
		09724FCD1C46CD97000C361A /* LaunchScreen.storyboard in Resources */ = {isa = PBXBuildFile; fileRef = 09724FCB1C46CD97000C361A /* LaunchScreen.storyboard */; };
		09724FD81C46D105000C361A /* AIDContactsTableViewController.swift in Sources */ = {isa = PBXBuildFile; fileRef = 09724FD71C46D105000C361A /* AIDContactsTableViewController.swift */; };
		09724FDA1C46D169000C361A /* Contactos.plist in Resources */ = {isa = PBXBuildFile; fileRef = 09724FD91C46D169000C361A /* Contactos.plist */; };
		09724FDD1C46D243000C361A /* taylor_swift.png in Resources */ = {isa = PBXBuildFile; fileRef = 09724FDC1C46D243000C361A /* taylor_swift.png */; };
		09724FE41C46D5F7000C361A /* michael_jackson.png in Resources */ = {isa = PBXBuildFile; fileRef = 09724FDE1C46D5F7000C361A /* michael_jackson.png */; };
		09724FE51C46D5F7000C361A /* freddie_mercury.png in Resources */ = {isa = PBXBuildFile; fileRef = 09724FDF1C46D5F7000C361A /* freddie_mercury.png */; };
		09724FE61C46D5F7000C361A /* will_smith.png in Resources */ = {isa = PBXBuildFile; fileRef = 09724FE01C46D5F7000C361A /* will_smith.png */; };
		09724FE71C46D5F7000C361A /* mario_bros.png in Resources */ = {isa = PBXBuildFile; fileRef = 09724FE11C46D5F7000C361A /* mario_bros.png */; };
		09724FE81C46D5F7000C361A /* steve_jobs.png in Resources */ = {isa = PBXBuildFile; fileRef = 09724FE21C46D5F7000C361A /* steve_jobs.png */; };
		09724FE91C46D5F7000C361A /* miley_cyrus.png in Resources */ = {isa = PBXBuildFile; fileRef = 09724FE31C46D5F7000C361A /* miley_cyrus.png */; };
		09724FEB1C46D86A000C361A /* TAIDableViewCell.swift in Sources */ = {isa = PBXBuildFile; fileRef = 09724FEA1C46D86A000C361A /* TAIDableViewCell.swift */; };
/* End PBXBuildFile section */

/* Begin PBXFileReference section */
		09724FBF1C46CD97000C361A /* App.customCell.app */ = {isa = PBXFileReference; explicitFileType = wrapper.application; includeInIndex = 0; path = App.customCell.app; sourceTree = BUILT_PRODUCTS_DIR; };
		09724FC21C46CD97000C361A /* AppDelegate.swift */ = {isa = PBXFileReference; lastKnownFileType = sourcecode.swift; path = AppDelegate.swift; sourceTree = "<group>"; };
		09724FC71C46CD97000C361A /* Base */ = {isa = PBXFileReference; lastKnownFileType = file.storyboard; name = Base; path = Base.lproj/Main.storyboard; sourceTree = "<group>"; };
		09724FC91C46CD97000C361A /* Assets.xcassets */ = {isa = PBXFileReference; lastKnownFileType = folder.assetcatalog; path = Assets.xcassets; sourceTree = "<group>"; };
		09724FCC1C46CD97000C361A /* Base */ = {isa = PBXFileReference; lastKnownFileType = file.storyboard; name = Base; path = Base.lproj/LaunchScreen.storyboard; sourceTree = "<group>"; };
		09724FCE1C46CD97000C361A /* Info.plist */ = {isa = PBXFileReference; lastKnownFileType = text.plist.xml; path = Info.plist; sourceTree = "<group>"; };
		09724FD71C46D105000C361A /* AIDContactsTableViewController.swift */ = {isa = PBXFileReference; fileEncoding = 4; lastKnownFileType = sourcecode.swift; path = AIDContactsTableViewController.swift; sourceTree = "<group>"; };
		09724FD91C46D169000C361A /* Contactos.plist */ = {isa = PBXFileReference; fileEncoding = 4; lastKnownFileType = text.plist.xml; path = Contactos.plist; sourceTree = "<group>"; };
		09724FDC1C46D243000C361A /* taylor_swift.png */ = {isa = PBXFileReference; lastKnownFileType = image.png; path = taylor_swift.png; sourceTree = "<group>"; };
		09724FDE1C46D5F7000C361A /* michael_jackson.png */ = {isa = PBXFileReference; lastKnownFileType = image.png; path = michael_jackson.png; sourceTree = "<group>"; };
		09724FDF1C46D5F7000C361A /* freddie_mercury.png */ = {isa = PBXFileReference; lastKnownFileType = image.png; path = freddie_mercury.png; sourceTree = "<group>"; };
		09724FE01C46D5F7000C361A /* will_smith.png */ = {isa = PBXFileReference; lastKnownFileType = image.png; path = will_smith.png; sourceTree = "<group>"; };
		09724FE11C46D5F7000C361A /* mario_bros.png */ = {isa = PBXFileReference; lastKnownFileType = image.png; path = mario_bros.png; sourceTree = "<group>"; };
		09724FE21C46D5F7000C361A /* steve_jobs.png */ = {isa = PBXFileReference; lastKnownFileType = image.png; path = steve_jobs.png; sourceTree = "<group>"; };
		09724FE31C46D5F7000C361A /* miley_cyrus.png */ = {isa = PBXFileReference; lastKnownFileType = image.png; path = miley_cyrus.png; sourceTree = "<group>"; };
		09724FEA1C46D86A000C361A /* TAIDableViewCell.swift */ = {isa = PBXFileReference; fileEncoding = 4; lastKnownFileType = sourcecode.swift; path = TAIDableViewCell.swift; sourceTree = "<group>"; };
/* End PBXFileReference section */

/* Begin PBXFrameworksBuildPhase section */
		09724FBC1C46CD97000C361A /* Frameworks */ = {
			isa = PBXFrameworksBuildPhase;
			buildActionMask = 2147483647;
			files = (
			);
			runOnlyForDeploymentPostprocessing = 0;
		};
/* End PBXFrameworksBuildPhase section */

/* Begin PBXGroup section */
		09724FB61C46CD97000C361A = {
			isa = PBXGroup;
			children = (
				09724FC11C46CD97000C361A /* App.customCell */,
				09724FC01C46CD97000C361A /* Products */,
			);
			sourceTree = "<group>";
		};
		09724FC01C46CD97000C361A /* Products */ = {
			isa = PBXGroup;
			children = (
				09724FBF1C46CD97000C361A /* App.customCell.app */,
			);
			name = Products;
			sourceTree = "<group>";
		};
		09724FC11C46CD97000C361A /* App.customCell */ = {
			isa = PBXGroup;
			children = (
				09724FDB1C46D23C000C361A /* src */,
				09724FC21C46CD97000C361A /* AppDelegate.swift */,
				09724FC61C46CD97000C361A /* Main.storyboard */,
				09724FC91C46CD97000C361A /* Assets.xcassets */,
				09724FCE1C46CD97000C361A /* Info.plist */,
				09724FD71C46D105000C361A /* AIDContactsTableViewController.swift */,
				09724FEA1C46D86A000C361A /* TAIDableViewCell.swift */,
				09724FD91C46D169000C361A /* Contactos.plist */,
				09724FCB1C46CD97000C361A /* LaunchScreen.storyboard */,
			);
			path = App.customCell;
			sourceTree = "<group>";
		};
		09724FDB1C46D23C000C361A /* src */ = {
			isa = PBXGroup;
			children = (
				09724FDE1C46D5F7000C361A /* michael_jackson.png */,
				09724FDF1C46D5F7000C361A /* freddie_mercury.png */,
				09724FE01C46D5F7000C361A /* will_smith.png */,
				09724FE11C46D5F7000C361A /* mario_bros.png */,
				09724FE21C46D5F7000C361A /* steve_jobs.png */,
				09724FE31C46D5F7000C361A /* miley_cyrus.png */,
				09724FDC1C46D243000C361A /* taylor_swift.png */,
			);
			name = src;
			sourceTree = "<group>";
		};
/* End PBXGroup section */

/* Begin PBXNativeTarget section */
		09724FBE1C46CD97000C361A /* App.customCell */ = {
			isa = PBXNativeTarget;
			buildConfigurationList = 09724FD11C46CD97000C361A /* Build configuration list for PBXNativeTarget "App.customCell" */;
			buildPhases = (
				09724FBB1C46CD97000C361A /* Sources */,
				09724FBC1C46CD97000C361A /* Frameworks */,
				09724FBD1C46CD97000C361A /* Resources */,
			);
			buildRules = (
			);
			dependencies = (
			);
			name = App.customCell;
			productName = App.customCell;
			productReference = 09724FBF1C46CD97000C361A /* App.customCell.app */;
			productType = "com.apple.product-type.application";
		};
/* End PBXNativeTarget section */

/* Begin PBXProject section */
		09724FB71C46CD97000C361A /* Project object */ = {
			isa = PBXProject;
			attributes = {
				LastSwiftUpdateCheck = 0710;
				LastUpgradeCheck = 0710;
				ORGANIZATIONNAME = CICE;
				TargetAttributes = {
					09724FBE1C46CD97000C361A = {
						CreatedOnToolsVersion = 7.1.1;
					};
				};
			};
			buildConfigurationList = 09724FBA1C46CD97000C361A /* Build configuration list for PBXProject "App.customCell" */;
			compatibilityVersion = "Xcode 3.2";
			developmentRegion = English;
			hasScannedForEncodings = 0;
			knownRegions = (
				en,
				Base,
			);
			mainGroup = 09724FB61C46CD97000C361A;
			productRefGroup = 09724FC01C46CD97000C361A /* Products */;
			projectDirPath = "";
			projectRoot = "";
			targets = (
				09724FBE1C46CD97000C361A /* App.customCell */,
			);
		};
/* End PBXProject section */

/* Begin PBXResourcesBuildPhase section */
		09724FBD1C46CD97000C361A /* Resources */ = {
			isa = PBXResourcesBuildPhase;
			buildActionMask = 2147483647;
			files = (
				09724FCD1C46CD97000C361A /* LaunchScreen.storyboard in Resources */,
				09724FCA1C46CD97000C361A /* Assets.xcassets in Resources */,
				09724FE71C46D5F7000C361A /* mario_bros.png in Resources */,
				09724FC81C46CD97000C361A /* Main.storyboard in Resources */,
				09724FE41C46D5F7000C361A /* michael_jackson.png in Resources */,
				09724FDD1C46D243000C361A /* taylor_swift.png in Resources */,
				09724FE61C46D5F7000C361A /* will_smith.png in Resources */,
				09724FE51C46D5F7000C361A /* freddie_mercury.png in Resources */,
				09724FE91C46D5F7000C361A /* miley_cyrus.png in Resources */,
				09724FDA1C46D169000C361A /* Contactos.plist in Resources */,
				09724FE81C46D5F7000C361A /* steve_jobs.png in Resources */,
			);
			runOnlyForDeploymentPostprocessing = 0;
		};
/* End PBXResourcesBuildPhase section */

/* Begin PBXSourcesBuildPhase section */
		09724FBB1C46CD97000C361A /* Sources */ = {
			isa = PBXSourcesBuildPhase;
			buildActionMask = 2147483647;
			files = (
				09724FC31C46CD97000C361A /* AppDelegate.swift in Sources */,
				09724FEB1C46D86A000C361A /* TAIDableViewCell.swift in Sources */,
				09724FD81C46D105000C361A /* AIDContactsTableViewController.swift in Sources */,
			);
			runOnlyForDeploymentPostprocessing = 0;
		};
/* End PBXSourcesBuildPhase section */

/* Begin PBXVariantGroup section */
		09724FC61C46CD97000C361A /* Main.storyboard */ = {
			isa = PBXVariantGroup;
			children = (
				09724FC71C46CD97000C361A /* Base */,
			);
			name = Main.storyboard;
			sourceTree = "<group>";
		};
		09724FCB1C46CD97000C361A /* LaunchScreen.storyboard */ = {
			isa = PBXVariantGroup;
			children = (
				09724FCC1C46CD97000C361A /* Base */,
			);
			name = LaunchScreen.storyboard;
			sourceTree = "<group>";
		};
/* End PBXVariantGroup section */

/* Begin XCBuildConfiguration section */
		09724FCF1C46CD97000C361A /* Debug */ = {
			isa = XCBuildConfiguration;
			buildSettings = {
				ALWAYS_SEARCH_USER_PATHS = NO;
				CLANG_CXX_LANGUAGE_STANDARD = "gnu++0x";
				CLANG_CXX_LIBRARY = "libc++";
				CLANG_ENABLE_MODULES = YES;
				CLANG_ENABLE_OBJC_ARC = YES;
				CLANG_WARN_BOOL_CONVERSION = YES;
				CLANG_WARN_CONSTANT_CONVERSION = YES;
				CLANG_WARN_DIRECT_OBJC_ISA_USAGE = YES_ERROR;
				CLANG_WARN_EMPTY_BODY = YES;
				CLANG_WARN_ENUM_CONVERSION = YES;
				CLANG_WARN_INT_CONVERSION = YES;
				CLANG_WARN_OBJC_ROOT_CLASS = YES_ERROR;
				CLANG_WARN_UNREACHABLE_CODE = YES;
				CLANG_WARN__DUPLICATE_METHOD_MATCH = YES;
				"CODE_SIGN_IDENTITY[sdk=iphoneos*]" = "iPhone Developer";
				COPY_PHASE_STRIP = NO;
				DEBUG_INFORMATION_FORMAT = dwarf;
				ENABLE_STRICT_OBJC_MSGSEND = YES;
				ENABLE_TESTABILITY = YES;
				GCC_C_LANGUAGE_STANDARD = gnu99;
				GCC_DYNAMIC_NO_PIC = NO;
				GCC_NO_COMMON_BLOCKS = YES;
				GCC_OPTIMIZATION_LEVEL = 0;
				GCC_PREPROCESSOR_DEFINITIONS = (
					"DEBUG=1",
					"$(inherited)",
				);
				GCC_WARN_64_TO_32_BIT_CONVERSION = YES;
				GCC_WARN_ABOUT_RETURN_TYPE = YES_ERROR;
				GCC_WARN_UNDECLARED_SELECTOR = YES;
				GCC_WARN_UNINITIALIZED_AUTOS = YES_AGGRESSIVE;
				GCC_WARN_UNUSED_FUNCTION = YES;
				GCC_WARN_UNUSED_VARIABLE = YES;
				IPHONEOS_DEPLOYMENT_TARGET = 9.1;
				MTL_ENABLE_DEBUG_INFO = YES;
				ONLY_ACTIVE_ARCH = YES;
				SDKROOT = iphoneos;
				SWIFT_OPTIMIZATION_LEVEL = "-Onone";
			};
			name = Debug;
		};
		09724FD01C46CD97000C361A /* Release */ = {
			isa = XCBuildConfiguration;
			buildSettings = {
				ALWAYS_SEARCH_USER_PATHS = NO;
				CLANG_CXX_LANGUAGE_STANDARD = "gnu++0x";
				CLANG_CXX_LIBRARY = "libc++";
				CLANG_ENABLE_MODULES = YES;
				CLANG_ENABLE_OBJC_ARC = YES;
				CLANG_WARN_BOOL_CONVERSION = YES;
				CLANG_WARN_CONSTANT_CONVERSION = YES;
				CLANG_WARN_DIRECT_OBJC_ISA_USAGE = YES_ERROR;
				CLANG_WARN_EMPTY_BODY = YES;
				CLANG_WARN_ENUM_CONVERSION = YES;
				CLANG_WARN_INT_CONVERSION = YES;
				CLANG_WARN_OBJC_ROOT_CLASS = YES_ERROR;
				CLANG_WARN_UNREACHABLE_CODE = YES;
				CLANG_WARN__DUPLICATE_METHOD_MATCH = YES;
				"CODE_SIGN_IDENTITY[sdk=iphoneos*]" = "iPhone Developer";
				COPY_PHASE_STRIP = NO;
				DEBUG_INFORMATION_FORMAT = "dwarf-with-dsym";
				ENABLE_NS_ASSERTIONS = NO;
				ENABLE_STRICT_OBJC_MSGSEND = YES;
				GCC_C_LANGUAGE_STANDARD = gnu99;
				GCC_NO_COMMON_BLOCKS = YES;
				GCC_WARN_64_TO_32_BIT_CONVERSION = YES;
				GCC_WARN_ABOUT_RETURN_TYPE = YES_ERROR;
				GCC_WARN_UNDECLARED_SELECTOR = YES;
				GCC_WARN_UNINITIALIZED_AUTOS = YES_AGGRESSIVE;
				GCC_WARN_UNUSED_FUNCTION = YES;
				GCC_WARN_UNUSED_VARIABLE = YES;
				IPHONEOS_DEPLOYMENT_TARGET = 9.1;
				MTL_ENABLE_DEBUG_INFO = NO;
				SDKROOT = iphoneos;
				VALIDATE_PRODUCT = YES;
			};
			name = Release;
		};
		09724FD21C46CD97000C361A /* Debug */ = {
			isa = XCBuildConfiguration;
			buildSettings = {
				ASSETCATALOG_COMPILER_APPICON_NAME = AppIcon;
				INFOPLIST_FILE = App.customCell/Info.plist;
				LD_RUNPATH_SEARCH_PATHS = "$(inherited) @executable_path/Frameworks";
				PRODUCT_BUNDLE_IDENTIFIER = "a.i.dev.App-customCell";
				PRODUCT_NAME = "$(TARGET_NAME)";
			};
			name = Debug;
		};
		09724FD31C46CD97000C361A /* Release */ = {
			isa = XCBuildConfiguration;
			buildSettings = {
				ASSETCATALOG_COMPILER_APPICON_NAME = AppIcon;
				INFOPLIST_FILE = App.customCell/Info.plist;
				LD_RUNPATH_SEARCH_PATHS = "$(inherited) @executable_path/Frameworks";
				PRODUCT_BUNDLE_IDENTIFIER = "a.i.dev.App-customCell";
				PRODUCT_NAME = "$(TARGET_NAME)";
			};
			name = Release;
		};
/* End XCBuildConfiguration section */

/* Begin XCConfigurationList section */
		09724FBA1C46CD97000C361A /* Build configuration list for PBXProject "App.customCell" */ = {
			isa = XCConfigurationList;
			buildConfigurations = (
				09724FCF1C46CD97000C361A /* Debug */,
				09724FD01C46CD97000C361A /* Release */,
			);
			defaultConfigurationIsVisible = 0;
			defaultConfigurationName = Release;
		};
		09724FD11C46CD97000C361A /* Build configuration list for PBXNativeTarget "App.customCell" */ = {
			isa = XCConfigurationList;
			buildConfigurations = (
				09724FD21C46CD97000C361A /* Debug */,
				09724FD31C46CD97000C361A /* Release */,
			);
			defaultConfigurationIsVisible = 0;
		};
/* End XCConfigurationList section */
	};
	rootObject = 09724FB71C46CD97000C361A /* Project object */;
}
