// !$*UTF8*$!
{
	archiveVersion = 1;
	classes = {
	};
	objectVersion = 46;
	objects = {

/* Begin PBXBuildFile section */
		096981331C21F9990012C280 /* tiroAlBlanco.html in Resources */ = {isa = PBXBuildFile; fileRef = 096981321C21F9990012C280 /* tiroAlBlanco.html */; };
		09FBC5631C1F3F2700A116FE /* AppDelegate.swift in Sources */ = {isa = PBXBuildFile; fileRef = 09FBC5621C1F3F2700A116FE /* AppDelegate.swift */; };
		09FBC5681C1F3F2700A116FE /* Main.storyboard in Resources */ = {isa = PBXBuildFile; fileRef = 09FBC5661C1F3F2700A116FE /* Main.storyboard */; };
		09FBC56A1C1F3F2700A116FE /* Assets.xcassets in Resources */ = {isa = PBXBuildFile; fileRef = 09FBC5691C1F3F2700A116FE /* Assets.xcassets */; };
		09FBC56D1C1F3F2700A116FE /* LaunchScreen.storyboard in Resources */ = {isa = PBXBuildFile; fileRef = 09FBC56B1C1F3F2700A116FE /* LaunchScreen.storyboard */; };
		09FBC5751C1F479100A116FE /* ViewController.swift in Sources */ = {isa = PBXBuildFile; fileRef = 09FBC5741C1F479100A116FE /* ViewController.swift */; };
		09FBC57E1C1F628D00A116FE /* SecondView.swift in Sources */ = {isa = PBXBuildFile; fileRef = 09FBC57D1C1F628D00A116FE /* SecondView.swift */; };
/* End PBXBuildFile section */

/* Begin PBXFileReference section */
		096981321C21F9990012C280 /* tiroAlBlanco.html */ = {isa = PBXFileReference; fileEncoding = 4; lastKnownFileType = text.html; path = tiroAlBlanco.html; sourceTree = "<group>"; };
		09FBC55F1C1F3F2700A116FE /* Shooting It.app */ = {isa = PBXFileReference; explicitFileType = wrapper.application; includeInIndex = 0; path = "Shooting It.app"; sourceTree = BUILT_PRODUCTS_DIR; };
		09FBC5621C1F3F2700A116FE /* AppDelegate.swift */ = {isa = PBXFileReference; lastKnownFileType = sourcecode.swift; path = AppDelegate.swift; sourceTree = "<group>"; };
		09FBC5671C1F3F2700A116FE /* Base */ = {isa = PBXFileReference; lastKnownFileType = file.storyboard; name = Base; path = Base.lproj/Main.storyboard; sourceTree = "<group>"; };
		09FBC5691C1F3F2700A116FE /* Assets.xcassets */ = {isa = PBXFileReference; lastKnownFileType = folder.assetcatalog; path = Assets.xcassets; sourceTree = "<group>"; };
		09FBC56C1C1F3F2700A116FE /* Base */ = {isa = PBXFileReference; lastKnownFileType = file.storyboard; name = Base; path = Base.lproj/LaunchScreen.storyboard; sourceTree = "<group>"; };
		09FBC56E1C1F3F2700A116FE /* Info.plist */ = {isa = PBXFileReference; lastKnownFileType = text.plist.xml; path = Info.plist; sourceTree = "<group>"; };
		09FBC5741C1F479100A116FE /* ViewController.swift */ = {isa = PBXFileReference; fileEncoding = 4; lastKnownFileType = sourcecode.swift; path = ViewController.swift; sourceTree = "<group>"; };
		09FBC57D1C1F628D00A116FE /* SecondView.swift */ = {isa = PBXFileReference; fileEncoding = 4; lastKnownFileType = sourcecode.swift; path = SecondView.swift; sourceTree = "<group>"; };
/* End PBXFileReference section */

/* Begin PBXFrameworksBuildPhase section */
		09FBC55C1C1F3F2700A116FE /* Frameworks */ = {
			isa = PBXFrameworksBuildPhase;
			buildActionMask = 2147483647;
			files = (
			);
			runOnlyForDeploymentPostprocessing = 0;
		};
/* End PBXFrameworksBuildPhase section */

/* Begin PBXGroup section */
		096981311C21F9900012C280 /* Web */ = {
			isa = PBXGroup;
			children = (
				096981321C21F9990012C280 /* tiroAlBlanco.html */,
			);
			name = Web;
			sourceTree = "<group>";
		};
		09FBC5561C1F3F2700A116FE = {
			isa = PBXGroup;
			children = (
				09FBC5611C1F3F2700A116FE /* Shooting It */,
				09FBC5601C1F3F2700A116FE /* Products */,
			);
			sourceTree = "<group>";
		};
		09FBC5601C1F3F2700A116FE /* Products */ = {
			isa = PBXGroup;
			children = (
				09FBC55F1C1F3F2700A116FE /* Shooting It.app */,
			);
			name = Products;
			sourceTree = "<group>";
		};
		09FBC5611C1F3F2700A116FE /* Shooting It */ = {
			isa = PBXGroup;
			children = (
				096981311C21F9900012C280 /* Web */,
				09FBC5621C1F3F2700A116FE /* AppDelegate.swift */,
				09FBC5661C1F3F2700A116FE /* Main.storyboard */,
				09FBC5741C1F479100A116FE /* ViewController.swift */,
				09FBC57D1C1F628D00A116FE /* SecondView.swift */,
				09FBC5691C1F3F2700A116FE /* Assets.xcassets */,
				09FBC56B1C1F3F2700A116FE /* LaunchScreen.storyboard */,
				09FBC56E1C1F3F2700A116FE /* Info.plist */,
			);
			path = "Shooting It";
			sourceTree = "<group>";
		};
/* End PBXGroup section */

/* Begin PBXNativeTarget section */
		09FBC55E1C1F3F2700A116FE /* Shooting It */ = {
			isa = PBXNativeTarget;
			buildConfigurationList = 09FBC5711C1F3F2700A116FE /* Build configuration list for PBXNativeTarget "Shooting It" */;
			buildPhases = (
				09FBC55B1C1F3F2700A116FE /* Sources */,
				09FBC55C1C1F3F2700A116FE /* Frameworks */,
				09FBC55D1C1F3F2700A116FE /* Resources */,
			);
			buildRules = (
			);
			dependencies = (
			);
			name = "Shooting It";
			productName = "Shooting It";
			productReference = 09FBC55F1C1F3F2700A116FE /* Shooting It.app */;
			productType = "com.apple.product-type.application";
		};
/* End PBXNativeTarget section */

/* Begin PBXProject section */
		09FBC5571C1F3F2700A116FE /* Project object */ = {
			isa = PBXProject;
			attributes = {
				LastSwiftUpdateCheck = 0710;
				LastUpgradeCheck = 0710;
				ORGANIZATIONNAME = A.I.Dev;
				TargetAttributes = {
					09FBC55E1C1F3F2700A116FE = {
						CreatedOnToolsVersion = 7.1.1;
					};
				};
			};
			buildConfigurationList = 09FBC55A1C1F3F2700A116FE /* Build configuration list for PBXProject "Shooting It" */;
			compatibilityVersion = "Xcode 3.2";
			developmentRegion = English;
			hasScannedForEncodings = 0;
			knownRegions = (
				en,
				Base,
			);
			mainGroup = 09FBC5561C1F3F2700A116FE;
			productRefGroup = 09FBC5601C1F3F2700A116FE /* Products */;
			projectDirPath = "";
			projectRoot = "";
			targets = (
				09FBC55E1C1F3F2700A116FE /* Shooting It */,
			);
		};
/* End PBXProject section */

/* Begin PBXResourcesBuildPhase section */
		09FBC55D1C1F3F2700A116FE /* Resources */ = {
			isa = PBXResourcesBuildPhase;
			buildActionMask = 2147483647;
			files = (
				09FBC56D1C1F3F2700A116FE /* LaunchScreen.storyboard in Resources */,
				09FBC56A1C1F3F2700A116FE /* Assets.xcassets in Resources */,
				096981331C21F9990012C280 /* tiroAlBlanco.html in Resources */,
				09FBC5681C1F3F2700A116FE /* Main.storyboard in Resources */,
			);
			runOnlyForDeploymentPostprocessing = 0;
		};
/* End PBXResourcesBuildPhase section */

/* Begin PBXSourcesBuildPhase section */
		09FBC55B1C1F3F2700A116FE /* Sources */ = {
			isa = PBXSourcesBuildPhase;
			buildActionMask = 2147483647;
			files = (
				09FBC57E1C1F628D00A116FE /* SecondView.swift in Sources */,
				09FBC5751C1F479100A116FE /* ViewController.swift in Sources */,
				09FBC5631C1F3F2700A116FE /* AppDelegate.swift in Sources */,
			);
			runOnlyForDeploymentPostprocessing = 0;
		};
/* End PBXSourcesBuildPhase section */

/* Begin PBXVariantGroup section */
		09FBC5661C1F3F2700A116FE /* Main.storyboard */ = {
			isa = PBXVariantGroup;
			children = (
				09FBC5671C1F3F2700A116FE /* Base */,
			);
			name = Main.storyboard;
			sourceTree = "<group>";
		};
		09FBC56B1C1F3F2700A116FE /* LaunchScreen.storyboard */ = {
			isa = PBXVariantGroup;
			children = (
				09FBC56C1C1F3F2700A116FE /* Base */,
			);
			name = LaunchScreen.storyboard;
			sourceTree = "<group>";
		};
/* End PBXVariantGroup section */

/* Begin XCBuildConfiguration section */
		09FBC56F1C1F3F2700A116FE /* Debug */ = {
			isa = XCBuildConfiguration;
			buildSettings = {
				ALWAYS_SEARCH_USER_PATHS = NO;
				CLANG_CXX_LANGUAGE_STANDARD = "gnu++0x";
				CLANG_CXX_LIBRARY = "libc++";
				CLANG_ENABLE_MODULES = YES;
				CLANG_ENABLE_OBJC_ARC = YES;
				CLANG_WARN_BOOL_CONVERSION = YES;
				CLANG_WARN_CONSTANT_CONVERSION = YES;
				CLANG_WARN_DIRECT_OBJC_ISA_USAGE = YES_ERROR;
				CLANG_WARN_EMPTY_BODY = YES;
				CLANG_WARN_ENUM_CONVERSION = YES;
				CLANG_WARN_INT_CONVERSION = YES;
				CLANG_WARN_OBJC_ROOT_CLASS = YES_ERROR;
				CLANG_WARN_UNREACHABLE_CODE = YES;
				CLANG_WARN__DUPLICATE_METHOD_MATCH = YES;
				"CODE_SIGN_IDENTITY[sdk=iphoneos*]" = "iPhone Developer";
				COPY_PHASE_STRIP = NO;
				DEBUG_INFORMATION_FORMAT = dwarf;
				ENABLE_STRICT_OBJC_MSGSEND = YES;
				ENABLE_TESTABILITY = YES;
				GCC_C_LANGUAGE_STANDARD = gnu99;
				GCC_DYNAMIC_NO_PIC = NO;
				GCC_NO_COMMON_BLOCKS = YES;
				GCC_OPTIMIZATION_LEVEL = 0;
				GCC_PREPROCESSOR_DEFINITIONS = (
					"DEBUG=1",
					"$(inherited)",
				);
				GCC_WARN_64_TO_32_BIT_CONVERSION = YES;
				GCC_WARN_ABOUT_RETURN_TYPE = YES_ERROR;
				GCC_WARN_UNDECLARED_SELECTOR = YES;
				GCC_WARN_UNINITIALIZED_AUTOS = YES_AGGRESSIVE;
				GCC_WARN_UNUSED_FUNCTION = YES;
				GCC_WARN_UNUSED_VARIABLE = YES;
				IPHONEOS_DEPLOYMENT_TARGET = 9.1;
				MTL_ENABLE_DEBUG_INFO = YES;
				ONLY_ACTIVE_ARCH = YES;
				SDKROOT = iphoneos;
				SWIFT_OPTIMIZATION_LEVEL = "-Onone";
			};
			name = Debug;
		};
		09FBC5701C1F3F2700A116FE /* Release */ = {
			isa = XCBuildConfiguration;
			buildSettings = {
				ALWAYS_SEARCH_USER_PATHS = NO;
				CLANG_CXX_LANGUAGE_STANDARD = "gnu++0x";
				CLANG_CXX_LIBRARY = "libc++";
				CLANG_ENABLE_MODULES = YES;
				CLANG_ENABLE_OBJC_ARC = YES;
				CLANG_WARN_BOOL_CONVERSION = YES;
				CLANG_WARN_CONSTANT_CONVERSION = YES;
				CLANG_WARN_DIRECT_OBJC_ISA_USAGE = YES_ERROR;
				CLANG_WARN_EMPTY_BODY = YES;
				CLANG_WARN_ENUM_CONVERSION = YES;
				CLANG_WARN_INT_CONVERSION = YES;
				CLANG_WARN_OBJC_ROOT_CLASS = YES_ERROR;
				CLANG_WARN_UNREACHABLE_CODE = YES;
				CLANG_WARN__DUPLICATE_METHOD_MATCH = YES;
				"CODE_SIGN_IDENTITY[sdk=iphoneos*]" = "iPhone Developer";
				COPY_PHASE_STRIP = NO;
				DEBUG_INFORMATION_FORMAT = "dwarf-with-dsym";
				ENABLE_NS_ASSERTIONS = NO;
				ENABLE_STRICT_OBJC_MSGSEND = YES;
				GCC_C_LANGUAGE_STANDARD = gnu99;
				GCC_NO_COMMON_BLOCKS = YES;
				GCC_WARN_64_TO_32_BIT_CONVERSION = YES;
				GCC_WARN_ABOUT_RETURN_TYPE = YES_ERROR;
				GCC_WARN_UNDECLARED_SELECTOR = YES;
				GCC_WARN_UNINITIALIZED_AUTOS = YES_AGGRESSIVE;
				GCC_WARN_UNUSED_FUNCTION = YES;
				GCC_WARN_UNUSED_VARIABLE = YES;
				IPHONEOS_DEPLOYMENT_TARGET = 9.1;
				MTL_ENABLE_DEBUG_INFO = NO;
				SDKROOT = iphoneos;
				VALIDATE_PRODUCT = YES;
			};
			name = Release;
		};
		09FBC5721C1F3F2700A116FE /* Debug */ = {
			isa = XCBuildConfiguration;
			buildSettings = {
				ASSETCATALOG_COMPILER_APPICON_NAME = AppIcon;
				INFOPLIST_FILE = "Shooting It/Info.plist";
				LD_RUNPATH_SEARCH_PATHS = "$(inherited) @executable_path/Frameworks";
				PRODUCT_BUNDLE_IDENTIFIER = "com.a.i.dev.Shooting-It";
				PRODUCT_NAME = "$(TARGET_NAME)";
			};
			name = Debug;
		};
		09FBC5731C1F3F2700A116FE /* Release */ = {
			isa = XCBuildConfiguration;
			buildSettings = {
				ASSETCATALOG_COMPILER_APPICON_NAME = AppIcon;
				INFOPLIST_FILE = "Shooting It/Info.plist";
				LD_RUNPATH_SEARCH_PATHS = "$(inherited) @executable_path/Frameworks";
				PRODUCT_BUNDLE_IDENTIFIER = "com.a.i.dev.Shooting-It";
				PRODUCT_NAME = "$(TARGET_NAME)";
			};
			name = Release;
		};
/* End XCBuildConfiguration section */

/* Begin XCConfigurationList section */
		09FBC55A1C1F3F2700A116FE /* Build configuration list for PBXProject "Shooting It" */ = {
			isa = XCConfigurationList;
			buildConfigurations = (
				09FBC56F1C1F3F2700A116FE /* Debug */,
				09FBC5701C1F3F2700A116FE /* Release */,
			);
			defaultConfigurationIsVisible = 0;
			defaultConfigurationName = Release;
		};
		09FBC5711C1F3F2700A116FE /* Build configuration list for PBXNativeTarget "Shooting It" */ = {
			isa = XCConfigurationList;
			buildConfigurations = (
				09FBC5721C1F3F2700A116FE /* Debug */,
				09FBC5731C1F3F2700A116FE /* Release */,
			);
			defaultConfigurationIsVisible = 0;
			defaultConfigurationName = Release;
		};
/* End XCConfigurationList section */
	};
	rootObject = 09FBC5571C1F3F2700A116FE /* Project object */;
}
