// !$*UTF8*$!
{
	archiveVersion = 1;
	classes = {
	};
	objectVersion = 46;
	objects = {

/* Begin PBXBuildFile section */
		092BBEDD1C62806200EA79BA /* ICOHorizontalScroller.swift in Sources */ = {isa = PBXBuildFile; fileRef = 092BBEDC1C62806200EA79BA /* ICOHorizontalScroller.swift */; };
		09575D741C59454500B3A193 /* AppDelegate.swift in Sources */ = {isa = PBXBuildFile; fileRef = 09575D731C59454500B3A193 /* AppDelegate.swift */; };
		09575D791C59454500B3A193 /* Main.storyboard in Resources */ = {isa = PBXBuildFile; fileRef = 09575D771C59454500B3A193 /* Main.storyboard */; };
		09575D7B1C59454500B3A193 /* Assets.xcassets in Resources */ = {isa = PBXBuildFile; fileRef = 09575D7A1C59454500B3A193 /* Assets.xcassets */; };
		09575D7E1C59454500B3A193 /* LaunchScreen.storyboard in Resources */ = {isa = PBXBuildFile; fileRef = 09575D7C1C59454500B3A193 /* LaunchScreen.storyboard */; };
		09575D861C5948F200B3A193 /* ICOViewController.swift in Sources */ = {isa = PBXBuildFile; fileRef = 09575D851C5948F200B3A193 /* ICOViewController.swift */; };
		09575D881C59496F00B3A193 /* NOTAS DE DESARROLLO.swift in Sources */ = {isa = PBXBuildFile; fileRef = 09575D871C59496F00B3A193 /* NOTAS DE DESARROLLO.swift */; };
		09575D8A1C594AEB00B3A193 /* ICOAlbumModel.swift in Sources */ = {isa = PBXBuildFile; fileRef = 09575D891C594AEB00B3A193 /* ICOAlbumModel.swift */; };
		09575D8E1C594EA300B3A193 /* ICOAlbumView.swift in Sources */ = {isa = PBXBuildFile; fileRef = 09575D8D1C594EA300B3A193 /* ICOAlbumView.swift */; };
		09575D911C595F0200B3A193 /* ICOLibraryAPI.swift in Sources */ = {isa = PBXBuildFile; fileRef = 09575D901C595F0200B3A193 /* ICOLibraryAPI.swift */; };
		09575D941C59627400B3A193 /* ICOPersistencyManager.swift in Sources */ = {isa = PBXBuildFile; fileRef = 09575D931C59627400B3A193 /* ICOPersistencyManager.swift */; };
		095EEB601C5FDB4300C389DC /* ICOHTTPClient.swift in Sources */ = {isa = PBXBuildFile; fileRef = 095EEB5F1C5FDB4300C389DC /* ICOHTTPClient.swift */; };
		095EEB621C5FF06600C389DC /* ICOAlbumExtension.swift in Sources */ = {isa = PBXBuildFile; fileRef = 095EEB611C5FF06600C389DC /* ICOAlbumExtension.swift */; };
/* End PBXBuildFile section */

/* Begin PBXFileReference section */
		092BBEDC1C62806200EA79BA /* ICOHorizontalScroller.swift */ = {isa = PBXFileReference; fileEncoding = 4; lastKnownFileType = sourcecode.swift; path = ICOHorizontalScroller.swift; sourceTree = "<group>"; };
		09575D701C59454500B3A193 /* App_MVC_Complete.app */ = {isa = PBXFileReference; explicitFileType = wrapper.application; includeInIndex = 0; path = App_MVC_Complete.app; sourceTree = BUILT_PRODUCTS_DIR; };
		09575D731C59454500B3A193 /* AppDelegate.swift */ = {isa = PBXFileReference; lastKnownFileType = sourcecode.swift; path = AppDelegate.swift; sourceTree = "<group>"; };
		09575D781C59454500B3A193 /* Base */ = {isa = PBXFileReference; lastKnownFileType = file.storyboard; name = Base; path = Base.lproj/Main.storyboard; sourceTree = "<group>"; };
		09575D7A1C59454500B3A193 /* Assets.xcassets */ = {isa = PBXFileReference; lastKnownFileType = folder.assetcatalog; path = Assets.xcassets; sourceTree = "<group>"; };
		09575D7D1C59454500B3A193 /* Base */ = {isa = PBXFileReference; lastKnownFileType = file.storyboard; name = Base; path = Base.lproj/LaunchScreen.storyboard; sourceTree = "<group>"; };
		09575D7F1C59454500B3A193 /* Info.plist */ = {isa = PBXFileReference; lastKnownFileType = text.plist.xml; path = Info.plist; sourceTree = "<group>"; };
		09575D851C5948F200B3A193 /* ICOViewController.swift */ = {isa = PBXFileReference; fileEncoding = 4; lastKnownFileType = sourcecode.swift; path = ICOViewController.swift; sourceTree = "<group>"; };
		09575D871C59496F00B3A193 /* NOTAS DE DESARROLLO.swift */ = {isa = PBXFileReference; fileEncoding = 4; lastKnownFileType = sourcecode.swift; path = "NOTAS DE DESARROLLO.swift"; sourceTree = "<group>"; };
		09575D891C594AEB00B3A193 /* ICOAlbumModel.swift */ = {isa = PBXFileReference; fileEncoding = 4; lastKnownFileType = sourcecode.swift; path = ICOAlbumModel.swift; sourceTree = "<group>"; };
		09575D8D1C594EA300B3A193 /* ICOAlbumView.swift */ = {isa = PBXFileReference; fileEncoding = 4; lastKnownFileType = sourcecode.swift; path = ICOAlbumView.swift; sourceTree = "<group>"; };
		09575D901C595F0200B3A193 /* ICOLibraryAPI.swift */ = {isa = PBXFileReference; fileEncoding = 4; lastKnownFileType = sourcecode.swift; path = ICOLibraryAPI.swift; sourceTree = "<group>"; };
		09575D931C59627400B3A193 /* ICOPersistencyManager.swift */ = {isa = PBXFileReference; fileEncoding = 4; lastKnownFileType = sourcecode.swift; path = ICOPersistencyManager.swift; sourceTree = "<group>"; };
		095EEB5F1C5FDB4300C389DC /* ICOHTTPClient.swift */ = {isa = PBXFileReference; fileEncoding = 4; lastKnownFileType = sourcecode.swift; path = ICOHTTPClient.swift; sourceTree = "<group>"; };
		095EEB611C5FF06600C389DC /* ICOAlbumExtension.swift */ = {isa = PBXFileReference; fileEncoding = 4; lastKnownFileType = sourcecode.swift; path = ICOAlbumExtension.swift; sourceTree = "<group>"; };
/* End PBXFileReference section */

/* Begin PBXFrameworksBuildPhase section */
		09575D6D1C59454500B3A193 /* Frameworks */ = {
			isa = PBXFrameworksBuildPhase;
			buildActionMask = 2147483647;
			files = (
			);
			runOnlyForDeploymentPostprocessing = 0;
		};
/* End PBXFrameworksBuildPhase section */

/* Begin PBXGroup section */
		09575D671C59454500B3A193 = {
			isa = PBXGroup;
			children = (
				09575D721C59454500B3A193 /* App_MVC_Complete */,
				09575D711C59454500B3A193 /* Products */,
			);
			sourceTree = "<group>";
		};
		09575D711C59454500B3A193 /* Products */ = {
			isa = PBXGroup;
			children = (
				09575D701C59454500B3A193 /* App_MVC_Complete.app */,
			);
			name = Products;
			sourceTree = "<group>";
		};
		09575D721C59454500B3A193 /* App_MVC_Complete */ = {
			isa = PBXGroup;
			children = (
				09575D731C59454500B3A193 /* AppDelegate.swift */,
				09575D871C59496F00B3A193 /* NOTAS DE DESARROLLO.swift */,
				09575D921C5960E800B3A193 /* API */,
				09575D8C1C594AF700B3A193 /* CONTROLLER */,
				09575D8B1C594AEF00B3A193 /* MODEL */,
				09575D8F1C594EA600B3A193 /* VIEW */,
				09575D771C59454500B3A193 /* Main.storyboard */,
				09575D7A1C59454500B3A193 /* Assets.xcassets */,
				09575D7C1C59454500B3A193 /* LaunchScreen.storyboard */,
				09575D7F1C59454500B3A193 /* Info.plist */,
			);
			path = App_MVC_Complete;
			sourceTree = "<group>";
		};
		09575D8B1C594AEF00B3A193 /* MODEL */ = {
			isa = PBXGroup;
			children = (
				09575D891C594AEB00B3A193 /* ICOAlbumModel.swift */,
				095EEB611C5FF06600C389DC /* ICOAlbumExtension.swift */,
			);
			name = MODEL;
			sourceTree = "<group>";
		};
		09575D8C1C594AF700B3A193 /* CONTROLLER */ = {
			isa = PBXGroup;
			children = (
				09575D851C5948F200B3A193 /* ICOViewController.swift */,
			);
			name = CONTROLLER;
			sourceTree = "<group>";
		};
		09575D8F1C594EA600B3A193 /* VIEW */ = {
			isa = PBXGroup;
			children = (
				09575D8D1C594EA300B3A193 /* ICOAlbumView.swift */,
				092BBEDC1C62806200EA79BA /* ICOHorizontalScroller.swift */,
			);
			name = VIEW;
			sourceTree = "<group>";
		};
		09575D921C5960E800B3A193 /* API */ = {
			isa = PBXGroup;
			children = (
				09575D901C595F0200B3A193 /* ICOLibraryAPI.swift */,
				09575D931C59627400B3A193 /* ICOPersistencyManager.swift */,
				095EEB5F1C5FDB4300C389DC /* ICOHTTPClient.swift */,
			);
			name = API;
			sourceTree = "<group>";
		};
/* End PBXGroup section */

/* Begin PBXNativeTarget section */
		09575D6F1C59454500B3A193 /* App_MVC_Complete */ = {
			isa = PBXNativeTarget;
			buildConfigurationList = 09575D821C59454500B3A193 /* Build configuration list for PBXNativeTarget "App_MVC_Complete" */;
			buildPhases = (
				09575D6C1C59454500B3A193 /* Sources */,
				09575D6D1C59454500B3A193 /* Frameworks */,
				09575D6E1C59454500B3A193 /* Resources */,
			);
			buildRules = (
			);
			dependencies = (
			);
			name = App_MVC_Complete;
			productName = App_MVC_Complete;
			productReference = 09575D701C59454500B3A193 /* App_MVC_Complete.app */;
			productType = "com.apple.product-type.application";
		};
/* End PBXNativeTarget section */

/* Begin PBXProject section */
		09575D681C59454500B3A193 /* Project object */ = {
			isa = PBXProject;
			attributes = {
				LastSwiftUpdateCheck = 0710;
				LastUpgradeCheck = 0710;
				ORGANIZATIONNAME = CICE;
				TargetAttributes = {
					09575D6F1C59454500B3A193 = {
						CreatedOnToolsVersion = 7.1.1;
					};
				};
			};
			buildConfigurationList = 09575D6B1C59454500B3A193 /* Build configuration list for PBXProject "App_MVC_Complete" */;
			compatibilityVersion = "Xcode 3.2";
			developmentRegion = English;
			hasScannedForEncodings = 0;
			knownRegions = (
				en,
				Base,
			);
			mainGroup = 09575D671C59454500B3A193;
			productRefGroup = 09575D711C59454500B3A193 /* Products */;
			projectDirPath = "";
			projectRoot = "";
			targets = (
				09575D6F1C59454500B3A193 /* App_MVC_Complete */,
			);
		};
/* End PBXProject section */

/* Begin PBXResourcesBuildPhase section */
		09575D6E1C59454500B3A193 /* Resources */ = {
			isa = PBXResourcesBuildPhase;
			buildActionMask = 2147483647;
			files = (
				09575D7E1C59454500B3A193 /* LaunchScreen.storyboard in Resources */,
				09575D7B1C59454500B3A193 /* Assets.xcassets in Resources */,
				09575D791C59454500B3A193 /* Main.storyboard in Resources */,
			);
			runOnlyForDeploymentPostprocessing = 0;
		};
/* End PBXResourcesBuildPhase section */

/* Begin PBXSourcesBuildPhase section */
		09575D6C1C59454500B3A193 /* Sources */ = {
			isa = PBXSourcesBuildPhase;
			buildActionMask = 2147483647;
			files = (
				095EEB601C5FDB4300C389DC /* ICOHTTPClient.swift in Sources */,
				095EEB621C5FF06600C389DC /* ICOAlbumExtension.swift in Sources */,
				09575D861C5948F200B3A193 /* ICOViewController.swift in Sources */,
				092BBEDD1C62806200EA79BA /* ICOHorizontalScroller.swift in Sources */,
				09575D881C59496F00B3A193 /* NOTAS DE DESARROLLO.swift in Sources */,
				09575D911C595F0200B3A193 /* ICOLibraryAPI.swift in Sources */,
				09575D741C59454500B3A193 /* AppDelegate.swift in Sources */,
				09575D941C59627400B3A193 /* ICOPersistencyManager.swift in Sources */,
				09575D8E1C594EA300B3A193 /* ICOAlbumView.swift in Sources */,
				09575D8A1C594AEB00B3A193 /* ICOAlbumModel.swift in Sources */,
			);
			runOnlyForDeploymentPostprocessing = 0;
		};
/* End PBXSourcesBuildPhase section */

/* Begin PBXVariantGroup section */
		09575D771C59454500B3A193 /* Main.storyboard */ = {
			isa = PBXVariantGroup;
			children = (
				09575D781C59454500B3A193 /* Base */,
			);
			name = Main.storyboard;
			sourceTree = "<group>";
		};
		09575D7C1C59454500B3A193 /* LaunchScreen.storyboard */ = {
			isa = PBXVariantGroup;
			children = (
				09575D7D1C59454500B3A193 /* Base */,
			);
			name = LaunchScreen.storyboard;
			sourceTree = "<group>";
		};
/* End PBXVariantGroup section */

/* Begin XCBuildConfiguration section */
		09575D801C59454500B3A193 /* Debug */ = {
			isa = XCBuildConfiguration;
			buildSettings = {
				ALWAYS_SEARCH_USER_PATHS = NO;
				CLANG_CXX_LANGUAGE_STANDARD = "gnu++0x";
				CLANG_CXX_LIBRARY = "libc++";
				CLANG_ENABLE_MODULES = YES;
				CLANG_ENABLE_OBJC_ARC = YES;
				CLANG_WARN_BOOL_CONVERSION = YES;
				CLANG_WARN_CONSTANT_CONVERSION = YES;
				CLANG_WARN_DIRECT_OBJC_ISA_USAGE = YES_ERROR;
				CLANG_WARN_EMPTY_BODY = YES;
				CLANG_WARN_ENUM_CONVERSION = YES;
				CLANG_WARN_INT_CONVERSION = YES;
				CLANG_WARN_OBJC_ROOT_CLASS = YES_ERROR;
				CLANG_WARN_UNREACHABLE_CODE = YES;
				CLANG_WARN__DUPLICATE_METHOD_MATCH = YES;
				"CODE_SIGN_IDENTITY[sdk=iphoneos*]" = "iPhone Developer";
				COPY_PHASE_STRIP = NO;
				DEBUG_INFORMATION_FORMAT = dwarf;
				ENABLE_STRICT_OBJC_MSGSEND = YES;
				ENABLE_TESTABILITY = YES;
				GCC_C_LANGUAGE_STANDARD = gnu99;
				GCC_DYNAMIC_NO_PIC = NO;
				GCC_NO_COMMON_BLOCKS = YES;
				GCC_OPTIMIZATION_LEVEL = 0;
				GCC_PREPROCESSOR_DEFINITIONS = (
					"DEBUG=1",
					"$(inherited)",
				);
				GCC_WARN_64_TO_32_BIT_CONVERSION = YES;
				GCC_WARN_ABOUT_RETURN_TYPE = YES_ERROR;
				GCC_WARN_UNDECLARED_SELECTOR = YES;
				GCC_WARN_UNINITIALIZED_AUTOS = YES_AGGRESSIVE;
				GCC_WARN_UNUSED_FUNCTION = YES;
				GCC_WARN_UNUSED_VARIABLE = YES;
				IPHONEOS_DEPLOYMENT_TARGET = 9.1;
				MTL_ENABLE_DEBUG_INFO = YES;
				ONLY_ACTIVE_ARCH = YES;
				SDKROOT = iphoneos;
				SWIFT_OPTIMIZATION_LEVEL = "-Onone";
			};
			name = Debug;
		};
		09575D811C59454500B3A193 /* Release */ = {
			isa = XCBuildConfiguration;
			buildSettings = {
				ALWAYS_SEARCH_USER_PATHS = NO;
				CLANG_CXX_LANGUAGE_STANDARD = "gnu++0x";
				CLANG_CXX_LIBRARY = "libc++";
				CLANG_ENABLE_MODULES = YES;
				CLANG_ENABLE_OBJC_ARC = YES;
				CLANG_WARN_BOOL_CONVERSION = YES;
				CLANG_WARN_CONSTANT_CONVERSION = YES;
				CLANG_WARN_DIRECT_OBJC_ISA_USAGE = YES_ERROR;
				CLANG_WARN_EMPTY_BODY = YES;
				CLANG_WARN_ENUM_CONVERSION = YES;
				CLANG_WARN_INT_CONVERSION = YES;
				CLANG_WARN_OBJC_ROOT_CLASS = YES_ERROR;
				CLANG_WARN_UNREACHABLE_CODE = YES;
				CLANG_WARN__DUPLICATE_METHOD_MATCH = YES;
				"CODE_SIGN_IDENTITY[sdk=iphoneos*]" = "iPhone Developer";
				COPY_PHASE_STRIP = NO;
				DEBUG_INFORMATION_FORMAT = "dwarf-with-dsym";
				ENABLE_NS_ASSERTIONS = NO;
				ENABLE_STRICT_OBJC_MSGSEND = YES;
				GCC_C_LANGUAGE_STANDARD = gnu99;
				GCC_NO_COMMON_BLOCKS = YES;
				GCC_WARN_64_TO_32_BIT_CONVERSION = YES;
				GCC_WARN_ABOUT_RETURN_TYPE = YES_ERROR;
				GCC_WARN_UNDECLARED_SELECTOR = YES;
				GCC_WARN_UNINITIALIZED_AUTOS = YES_AGGRESSIVE;
				GCC_WARN_UNUSED_FUNCTION = YES;
				GCC_WARN_UNUSED_VARIABLE = YES;
				IPHONEOS_DEPLOYMENT_TARGET = 9.1;
				MTL_ENABLE_DEBUG_INFO = NO;
				SDKROOT = iphoneos;
				VALIDATE_PRODUCT = YES;
			};
			name = Release;
		};
		09575D831C59454500B3A193 /* Debug */ = {
			isa = XCBuildConfiguration;
			buildSettings = {
				ASSETCATALOG_COMPILER_APPICON_NAME = AppIcon;
				CLANG_ENABLE_MODULES = YES;
				INFOPLIST_FILE = App_MVC_Complete/Info.plist;
				LD_RUNPATH_SEARCH_PATHS = "$(inherited) @executable_path/Frameworks";
				PRODUCT_BUNDLE_IDENTIFIER = "es.cice.App-MVC-Complete";
				PRODUCT_NAME = "$(TARGET_NAME)";
				SWIFT_OPTIMIZATION_LEVEL = "-Onone";
			};
			name = Debug;
		};
		09575D841C59454500B3A193 /* Release */ = {
			isa = XCBuildConfiguration;
			buildSettings = {
				ASSETCATALOG_COMPILER_APPICON_NAME = AppIcon;
				CLANG_ENABLE_MODULES = YES;
				INFOPLIST_FILE = App_MVC_Complete/Info.plist;
				LD_RUNPATH_SEARCH_PATHS = "$(inherited) @executable_path/Frameworks";
				PRODUCT_BUNDLE_IDENTIFIER = "es.cice.App-MVC-Complete";
				PRODUCT_NAME = "$(TARGET_NAME)";
			};
			name = Release;
		};
/* End XCBuildConfiguration section */

/* Begin XCConfigurationList section */
		09575D6B1C59454500B3A193 /* Build configuration list for PBXProject "App_MVC_Complete" */ = {
			isa = XCConfigurationList;
			buildConfigurations = (
				09575D801C59454500B3A193 /* Debug */,
				09575D811C59454500B3A193 /* Release */,
			);
			defaultConfigurationIsVisible = 0;
			defaultConfigurationName = Release;
		};
		09575D821C59454500B3A193 /* Build configuration list for PBXNativeTarget "App_MVC_Complete" */ = {
			isa = XCConfigurationList;
			buildConfigurations = (
				09575D831C59454500B3A193 /* Debug */,
				09575D841C59454500B3A193 /* Release */,
			);
			defaultConfigurationIsVisible = 0;
			defaultConfigurationName = Release;
		};
/* End XCConfigurationList section */
	};
	rootObject = 09575D681C59454500B3A193 /* Project object */;
}
