// !$*UTF8*$!
{
	archiveVersion = 1;
	classes = {
	};
	objectVersion = 46;
	objects = {

/* Begin PBXBuildFile section */
		0980FCEC1C4449C400B77E26 /* ford_focus.png in Resources */ = {isa = PBXBuildFile; fileRef = 0980FCE71C4449C400B77E26 /* ford_focus.png */; };
		0980FCED1C4449C400B77E26 /* fiat_500.png in Resources */ = {isa = PBXBuildFile; fileRef = 0980FCE81C4449C400B77E26 /* fiat_500.png */; };
		0980FCEE1C4449C400B77E26 /* golf_gti.png in Resources */ = {isa = PBXBuildFile; fileRef = 0980FCE91C4449C400B77E26 /* golf_gti.png */; };
		0980FCEF1C4449C400B77E26 /* hammer.png in Resources */ = {isa = PBXBuildFile; fileRef = 0980FCEA1C4449C400B77E26 /* hammer.png */; };
		0980FCF01C4449C400B77E26 /* ford_mustang.jpg in Resources */ = {isa = PBXBuildFile; fileRef = 0980FCEB1C4449C400B77E26 /* ford_mustang.jpg */; };
		0980FCF51C444B3100B77E26 /* alfa.png in Resources */ = {isa = PBXBuildFile; fileRef = 0980FCF11C444B3100B77E26 /* alfa.png */; };
		0980FCF61C444B3100B77E26 /* toyota.png in Resources */ = {isa = PBXBuildFile; fileRef = 0980FCF21C444B3100B77E26 /* toyota.png */; };
		0980FCF71C444B3100B77E26 /* bmw.jpg in Resources */ = {isa = PBXBuildFile; fileRef = 0980FCF31C444B3100B77E26 /* bmw.jpg */; };
		0980FCF81C444B3100B77E26 /* mercedes.png in Resources */ = {isa = PBXBuildFile; fileRef = 0980FCF41C444B3100B77E26 /* mercedes.png */; };
		0980FCFB1C444BC100B77E26 /* smart.png in Resources */ = {isa = PBXBuildFile; fileRef = 0980FCF91C444BC100B77E26 /* smart.png */; };
		0980FCFC1C444BC100B77E26 /* mini.png in Resources */ = {isa = PBXBuildFile; fileRef = 0980FCFA1C444BC100B77E26 /* mini.png */; };
		09D0B86A1C4443CD00C2B736 /* AppDelegate.swift in Sources */ = {isa = PBXBuildFile; fileRef = 09D0B8691C4443CD00C2B736 /* AppDelegate.swift */; };
		09D0B86F1C4443CD00C2B736 /* Main.storyboard in Resources */ = {isa = PBXBuildFile; fileRef = 09D0B86D1C4443CD00C2B736 /* Main.storyboard */; };
		09D0B8711C4443CD00C2B736 /* Assets.xcassets in Resources */ = {isa = PBXBuildFile; fileRef = 09D0B8701C4443CD00C2B736 /* Assets.xcassets */; };
		09D0B8741C4443CD00C2B736 /* LaunchScreen.storyboard in Resources */ = {isa = PBXBuildFile; fileRef = 09D0B8721C4443CD00C2B736 /* LaunchScreen.storyboard */; };
		09D0B87C1C4443F500C2B736 /* TableViewControllerCoches.swift in Sources */ = {isa = PBXBuildFile; fileRef = 09D0B87B1C4443F500C2B736 /* TableViewControllerCoches.swift */; };
		09D0B87E1C44442900C2B736 /* ModelCoches.swift in Sources */ = {isa = PBXBuildFile; fileRef = 09D0B87D1C44442900C2B736 /* ModelCoches.swift */; };
/* End PBXBuildFile section */

/* Begin PBXFileReference section */
		0980FCE71C4449C400B77E26 /* ford_focus.png */ = {isa = PBXFileReference; lastKnownFileType = image.png; path = ford_focus.png; sourceTree = "<group>"; };
		0980FCE81C4449C400B77E26 /* fiat_500.png */ = {isa = PBXFileReference; lastKnownFileType = image.png; path = fiat_500.png; sourceTree = "<group>"; };
		0980FCE91C4449C400B77E26 /* golf_gti.png */ = {isa = PBXFileReference; lastKnownFileType = image.png; path = golf_gti.png; sourceTree = "<group>"; };
		0980FCEA1C4449C400B77E26 /* hammer.png */ = {isa = PBXFileReference; lastKnownFileType = image.png; path = hammer.png; sourceTree = "<group>"; };
		0980FCEB1C4449C400B77E26 /* ford_mustang.jpg */ = {isa = PBXFileReference; lastKnownFileType = image.jpeg; path = ford_mustang.jpg; sourceTree = "<group>"; };
		0980FCF11C444B3100B77E26 /* alfa.png */ = {isa = PBXFileReference; lastKnownFileType = image.png; path = alfa.png; sourceTree = "<group>"; };
		0980FCF21C444B3100B77E26 /* toyota.png */ = {isa = PBXFileReference; lastKnownFileType = image.png; path = toyota.png; sourceTree = "<group>"; };
		0980FCF31C444B3100B77E26 /* bmw.jpg */ = {isa = PBXFileReference; lastKnownFileType = image.jpeg; path = bmw.jpg; sourceTree = "<group>"; };
		0980FCF41C444B3100B77E26 /* mercedes.png */ = {isa = PBXFileReference; lastKnownFileType = image.png; path = mercedes.png; sourceTree = "<group>"; };
		0980FCF91C444BC100B77E26 /* smart.png */ = {isa = PBXFileReference; lastKnownFileType = image.png; path = smart.png; sourceTree = "<group>"; };
		0980FCFA1C444BC100B77E26 /* mini.png */ = {isa = PBXFileReference; lastKnownFileType = image.png; path = mini.png; sourceTree = "<group>"; };
		09D0B8661C4443CD00C2B736 /* TableViewCoches.app */ = {isa = PBXFileReference; explicitFileType = wrapper.application; includeInIndex = 0; path = TableViewCoches.app; sourceTree = BUILT_PRODUCTS_DIR; };
		09D0B8691C4443CD00C2B736 /* AppDelegate.swift */ = {isa = PBXFileReference; lastKnownFileType = sourcecode.swift; path = AppDelegate.swift; sourceTree = "<group>"; };
		09D0B86E1C4443CD00C2B736 /* Base */ = {isa = PBXFileReference; lastKnownFileType = file.storyboard; name = Base; path = Base.lproj/Main.storyboard; sourceTree = "<group>"; };
		09D0B8701C4443CD00C2B736 /* Assets.xcassets */ = {isa = PBXFileReference; lastKnownFileType = folder.assetcatalog; path = Assets.xcassets; sourceTree = "<group>"; };
		09D0B8731C4443CD00C2B736 /* Base */ = {isa = PBXFileReference; lastKnownFileType = file.storyboard; name = Base; path = Base.lproj/LaunchScreen.storyboard; sourceTree = "<group>"; };
		09D0B8751C4443CD00C2B736 /* Info.plist */ = {isa = PBXFileReference; lastKnownFileType = text.plist.xml; path = Info.plist; sourceTree = "<group>"; };
		09D0B87B1C4443F500C2B736 /* TableViewControllerCoches.swift */ = {isa = PBXFileReference; fileEncoding = 4; lastKnownFileType = sourcecode.swift; path = TableViewControllerCoches.swift; sourceTree = "<group>"; };
		09D0B87D1C44442900C2B736 /* ModelCoches.swift */ = {isa = PBXFileReference; fileEncoding = 4; lastKnownFileType = sourcecode.swift; path = ModelCoches.swift; sourceTree = "<group>"; };
/* End PBXFileReference section */

/* Begin PBXFrameworksBuildPhase section */
		09D0B8631C4443CD00C2B736 /* Frameworks */ = {
			isa = PBXFrameworksBuildPhase;
			buildActionMask = 2147483647;
			files = (
			);
			runOnlyForDeploymentPostprocessing = 0;
		};
/* End PBXFrameworksBuildPhase section */

/* Begin PBXGroup section */
		0980FCE61C4449B800B77E26 /* Images */ = {
			isa = PBXGroup;
			children = (
				0980FCF91C444BC100B77E26 /* smart.png */,
				0980FCFA1C444BC100B77E26 /* mini.png */,
				0980FCF11C444B3100B77E26 /* alfa.png */,
				0980FCF21C444B3100B77E26 /* toyota.png */,
				0980FCF31C444B3100B77E26 /* bmw.jpg */,
				0980FCF41C444B3100B77E26 /* mercedes.png */,
				0980FCE71C4449C400B77E26 /* ford_focus.png */,
				0980FCE81C4449C400B77E26 /* fiat_500.png */,
				0980FCE91C4449C400B77E26 /* golf_gti.png */,
				0980FCEA1C4449C400B77E26 /* hammer.png */,
				0980FCEB1C4449C400B77E26 /* ford_mustang.jpg */,
			);
			name = Images;
			sourceTree = "<group>";
		};
		09D0B85D1C4443CD00C2B736 = {
			isa = PBXGroup;
			children = (
				09D0B8681C4443CD00C2B736 /* TableViewCoches */,
				09D0B8671C4443CD00C2B736 /* Products */,
			);
			sourceTree = "<group>";
		};
		09D0B8671C4443CD00C2B736 /* Products */ = {
			isa = PBXGroup;
			children = (
				09D0B8661C4443CD00C2B736 /* TableViewCoches.app */,
			);
			name = Products;
			sourceTree = "<group>";
		};
		09D0B8681C4443CD00C2B736 /* TableViewCoches */ = {
			isa = PBXGroup;
			children = (
				0980FCE61C4449B800B77E26 /* Images */,
				09D0B8691C4443CD00C2B736 /* AppDelegate.swift */,
				09D0B86D1C4443CD00C2B736 /* Main.storyboard */,
				09D0B8701C4443CD00C2B736 /* Assets.xcassets */,
				09D0B8721C4443CD00C2B736 /* LaunchScreen.storyboard */,
				09D0B8751C4443CD00C2B736 /* Info.plist */,
				09D0B87B1C4443F500C2B736 /* TableViewControllerCoches.swift */,
				09D0B87D1C44442900C2B736 /* ModelCoches.swift */,
			);
			path = TableViewCoches;
			sourceTree = "<group>";
		};
/* End PBXGroup section */

/* Begin PBXNativeTarget section */
		09D0B8651C4443CD00C2B736 /* TableViewCoches */ = {
			isa = PBXNativeTarget;
			buildConfigurationList = 09D0B8781C4443CD00C2B736 /* Build configuration list for PBXNativeTarget "TableViewCoches" */;
			buildPhases = (
				09D0B8621C4443CD00C2B736 /* Sources */,
				09D0B8631C4443CD00C2B736 /* Frameworks */,
				09D0B8641C4443CD00C2B736 /* Resources */,
			);
			buildRules = (
			);
			dependencies = (
			);
			name = TableViewCoches;
			productName = TableViewCoches;
			productReference = 09D0B8661C4443CD00C2B736 /* TableViewCoches.app */;
			productType = "com.apple.product-type.application";
		};
/* End PBXNativeTarget section */

/* Begin PBXProject section */
		09D0B85E1C4443CD00C2B736 /* Project object */ = {
			isa = PBXProject;
			attributes = {
				LastSwiftUpdateCheck = 0710;
				LastUpgradeCheck = 0710;
				ORGANIZATIONNAME = A.I.Dev;
				TargetAttributes = {
					09D0B8651C4443CD00C2B736 = {
						CreatedOnToolsVersion = 7.1.1;
					};
				};
			};
			buildConfigurationList = 09D0B8611C4443CD00C2B736 /* Build configuration list for PBXProject "TableViewCoches" */;
			compatibilityVersion = "Xcode 3.2";
			developmentRegion = English;
			hasScannedForEncodings = 0;
			knownRegions = (
				en,
				Base,
			);
			mainGroup = 09D0B85D1C4443CD00C2B736;
			productRefGroup = 09D0B8671C4443CD00C2B736 /* Products */;
			projectDirPath = "";
			projectRoot = "";
			targets = (
				09D0B8651C4443CD00C2B736 /* TableViewCoches */,
			);
		};
/* End PBXProject section */

/* Begin PBXResourcesBuildPhase section */
		09D0B8641C4443CD00C2B736 /* Resources */ = {
			isa = PBXResourcesBuildPhase;
			buildActionMask = 2147483647;
			files = (
				0980FCF01C4449C400B77E26 /* ford_mustang.jpg in Resources */,
				0980FCEF1C4449C400B77E26 /* hammer.png in Resources */,
				0980FCF51C444B3100B77E26 /* alfa.png in Resources */,
				09D0B8741C4443CD00C2B736 /* LaunchScreen.storyboard in Resources */,
				09D0B8711C4443CD00C2B736 /* Assets.xcassets in Resources */,
				0980FCF71C444B3100B77E26 /* bmw.jpg in Resources */,
				0980FCFC1C444BC100B77E26 /* mini.png in Resources */,
				0980FCEE1C4449C400B77E26 /* golf_gti.png in Resources */,
				0980FCFB1C444BC100B77E26 /* smart.png in Resources */,
				0980FCF81C444B3100B77E26 /* mercedes.png in Resources */,
				09D0B86F1C4443CD00C2B736 /* Main.storyboard in Resources */,
				0980FCEC1C4449C400B77E26 /* ford_focus.png in Resources */,
				0980FCED1C4449C400B77E26 /* fiat_500.png in Resources */,
				0980FCF61C444B3100B77E26 /* toyota.png in Resources */,
			);
			runOnlyForDeploymentPostprocessing = 0;
		};
/* End PBXResourcesBuildPhase section */

/* Begin PBXSourcesBuildPhase section */
		09D0B8621C4443CD00C2B736 /* Sources */ = {
			isa = PBXSourcesBuildPhase;
			buildActionMask = 2147483647;
			files = (
				09D0B87C1C4443F500C2B736 /* TableViewControllerCoches.swift in Sources */,
				09D0B87E1C44442900C2B736 /* ModelCoches.swift in Sources */,
				09D0B86A1C4443CD00C2B736 /* AppDelegate.swift in Sources */,
			);
			runOnlyForDeploymentPostprocessing = 0;
		};
/* End PBXSourcesBuildPhase section */

/* Begin PBXVariantGroup section */
		09D0B86D1C4443CD00C2B736 /* Main.storyboard */ = {
			isa = PBXVariantGroup;
			children = (
				09D0B86E1C4443CD00C2B736 /* Base */,
			);
			name = Main.storyboard;
			sourceTree = "<group>";
		};
		09D0B8721C4443CD00C2B736 /* LaunchScreen.storyboard */ = {
			isa = PBXVariantGroup;
			children = (
				09D0B8731C4443CD00C2B736 /* Base */,
			);
			name = LaunchScreen.storyboard;
			sourceTree = "<group>";
		};
/* End PBXVariantGroup section */

/* Begin XCBuildConfiguration section */
		09D0B8761C4443CD00C2B736 /* Debug */ = {
			isa = XCBuildConfiguration;
			buildSettings = {
				ALWAYS_SEARCH_USER_PATHS = NO;
				CLANG_CXX_LANGUAGE_STANDARD = "gnu++0x";
				CLANG_CXX_LIBRARY = "libc++";
				CLANG_ENABLE_MODULES = YES;
				CLANG_ENABLE_OBJC_ARC = YES;
				CLANG_WARN_BOOL_CONVERSION = YES;
				CLANG_WARN_CONSTANT_CONVERSION = YES;
				CLANG_WARN_DIRECT_OBJC_ISA_USAGE = YES_ERROR;
				CLANG_WARN_EMPTY_BODY = YES;
				CLANG_WARN_ENUM_CONVERSION = YES;
				CLANG_WARN_INT_CONVERSION = YES;
				CLANG_WARN_OBJC_ROOT_CLASS = YES_ERROR;
				CLANG_WARN_UNREACHABLE_CODE = YES;
				CLANG_WARN__DUPLICATE_METHOD_MATCH = YES;
				"CODE_SIGN_IDENTITY[sdk=iphoneos*]" = "iPhone Developer";
				COPY_PHASE_STRIP = NO;
				DEBUG_INFORMATION_FORMAT = dwarf;
				ENABLE_STRICT_OBJC_MSGSEND = YES;
				ENABLE_TESTABILITY = YES;
				GCC_C_LANGUAGE_STANDARD = gnu99;
				GCC_DYNAMIC_NO_PIC = NO;
				GCC_NO_COMMON_BLOCKS = YES;
				GCC_OPTIMIZATION_LEVEL = 0;
				GCC_PREPROCESSOR_DEFINITIONS = (
					"DEBUG=1",
					"$(inherited)",
				);
				GCC_WARN_64_TO_32_BIT_CONVERSION = YES;
				GCC_WARN_ABOUT_RETURN_TYPE = YES_ERROR;
				GCC_WARN_UNDECLARED_SELECTOR = YES;
				GCC_WARN_UNINITIALIZED_AUTOS = YES_AGGRESSIVE;
				GCC_WARN_UNUSED_FUNCTION = YES;
				GCC_WARN_UNUSED_VARIABLE = YES;
				IPHONEOS_DEPLOYMENT_TARGET = 9.1;
				MTL_ENABLE_DEBUG_INFO = YES;
				ONLY_ACTIVE_ARCH = YES;
				SDKROOT = iphoneos;
				SWIFT_OPTIMIZATION_LEVEL = "-Onone";
				TARGETED_DEVICE_FAMILY = "1,2";
			};
			name = Debug;
		};
		09D0B8771C4443CD00C2B736 /* Release */ = {
			isa = XCBuildConfiguration;
			buildSettings = {
				ALWAYS_SEARCH_USER_PATHS = NO;
				CLANG_CXX_LANGUAGE_STANDARD = "gnu++0x";
				CLANG_CXX_LIBRARY = "libc++";
				CLANG_ENABLE_MODULES = YES;
				CLANG_ENABLE_OBJC_ARC = YES;
				CLANG_WARN_BOOL_CONVERSION = YES;
				CLANG_WARN_CONSTANT_CONVERSION = YES;
				CLANG_WARN_DIRECT_OBJC_ISA_USAGE = YES_ERROR;
				CLANG_WARN_EMPTY_BODY = YES;
				CLANG_WARN_ENUM_CONVERSION = YES;
				CLANG_WARN_INT_CONVERSION = YES;
				CLANG_WARN_OBJC_ROOT_CLASS = YES_ERROR;
				CLANG_WARN_UNREACHABLE_CODE = YES;
				CLANG_WARN__DUPLICATE_METHOD_MATCH = YES;
				"CODE_SIGN_IDENTITY[sdk=iphoneos*]" = "iPhone Developer";
				COPY_PHASE_STRIP = NO;
				DEBUG_INFORMATION_FORMAT = "dwarf-with-dsym";
				ENABLE_NS_ASSERTIONS = NO;
				ENABLE_STRICT_OBJC_MSGSEND = YES;
				GCC_C_LANGUAGE_STANDARD = gnu99;
				GCC_NO_COMMON_BLOCKS = YES;
				GCC_WARN_64_TO_32_BIT_CONVERSION = YES;
				GCC_WARN_ABOUT_RETURN_TYPE = YES_ERROR;
				GCC_WARN_UNDECLARED_SELECTOR = YES;
				GCC_WARN_UNINITIALIZED_AUTOS = YES_AGGRESSIVE;
				GCC_WARN_UNUSED_FUNCTION = YES;
				GCC_WARN_UNUSED_VARIABLE = YES;
				IPHONEOS_DEPLOYMENT_TARGET = 9.1;
				MTL_ENABLE_DEBUG_INFO = NO;
				SDKROOT = iphoneos;
				TARGETED_DEVICE_FAMILY = "1,2";
				VALIDATE_PRODUCT = YES;
			};
			name = Release;
		};
		09D0B8791C4443CD00C2B736 /* Debug */ = {
			isa = XCBuildConfiguration;
			buildSettings = {
				ASSETCATALOG_COMPILER_APPICON_NAME = AppIcon;
				INFOPLIST_FILE = TableViewCoches/Info.plist;
				LD_RUNPATH_SEARCH_PATHS = "$(inherited) @executable_path/Frameworks";
				PRODUCT_BUNDLE_IDENTIFIER = A.I.Dev.TableViewCoches;
				PRODUCT_NAME = "$(TARGET_NAME)";
			};
			name = Debug;
		};
		09D0B87A1C4443CD00C2B736 /* Release */ = {
			isa = XCBuildConfiguration;
			buildSettings = {
				ASSETCATALOG_COMPILER_APPICON_NAME = AppIcon;
				INFOPLIST_FILE = TableViewCoches/Info.plist;
				LD_RUNPATH_SEARCH_PATHS = "$(inherited) @executable_path/Frameworks";
				PRODUCT_BUNDLE_IDENTIFIER = A.I.Dev.TableViewCoches;
				PRODUCT_NAME = "$(TARGET_NAME)";
			};
			name = Release;
		};
/* End XCBuildConfiguration section */

/* Begin XCConfigurationList section */
		09D0B8611C4443CD00C2B736 /* Build configuration list for PBXProject "TableViewCoches" */ = {
			isa = XCConfigurationList;
			buildConfigurations = (
				09D0B8761C4443CD00C2B736 /* Debug */,
				09D0B8771C4443CD00C2B736 /* Release */,
			);
			defaultConfigurationIsVisible = 0;
			defaultConfigurationName = Release;
		};
		09D0B8781C4443CD00C2B736 /* Build configuration list for PBXNativeTarget "TableViewCoches" */ = {
			isa = XCConfigurationList;
			buildConfigurations = (
				09D0B8791C4443CD00C2B736 /* Debug */,
				09D0B87A1C4443CD00C2B736 /* Release */,
			);
			defaultConfigurationIsVisible = 0;
			defaultConfigurationName = Release;
		};
/* End XCConfigurationList section */
	};
	rootObject = 09D0B85E1C4443CD00C2B736 /* Project object */;
}
