// !$*UTF8*$!
{
	archiveVersion = 1;
	classes = {
	};
	objectVersion = 46;
	objects = {

/* Begin PBXBuildFile section */
		095135841BFCF8AE0099C396 /* AppDelegate.swift in Sources */ = {isa = PBXBuildFile; fileRef = 095135831BFCF8AE0099C396 /* AppDelegate.swift */; };
		095135861BFCF8AE0099C396 /* ViewController.swift in Sources */ = {isa = PBXBuildFile; fileRef = 095135851BFCF8AE0099C396 /* ViewController.swift */; };
		095135891BFCF8AE0099C396 /* Main.storyboard in Resources */ = {isa = PBXBuildFile; fileRef = 095135871BFCF8AE0099C396 /* Main.storyboard */; };
		0951358B1BFCF8AE0099C396 /* Assets.xcassets in Resources */ = {isa = PBXBuildFile; fileRef = 0951358A1BFCF8AE0099C396 /* Assets.xcassets */; };
		0951358E1BFCF8AE0099C396 /* LaunchScreen.storyboard in Resources */ = {isa = PBXBuildFile; fileRef = 0951358C1BFCF8AE0099C396 /* LaunchScreen.storyboard */; };
/* End PBXBuildFile section */

/* Begin PBXFileReference section */
		095135801BFCF8AE0099C396 /* App2_Objetos.app */ = {isa = PBXFileReference; explicitFileType = wrapper.application; includeInIndex = 0; path = App2_Objetos.app; sourceTree = BUILT_PRODUCTS_DIR; };
		095135831BFCF8AE0099C396 /* AppDelegate.swift */ = {isa = PBXFileReference; lastKnownFileType = sourcecode.swift; path = AppDelegate.swift; sourceTree = "<group>"; };
		095135851BFCF8AE0099C396 /* ViewController.swift */ = {isa = PBXFileReference; lastKnownFileType = sourcecode.swift; path = ViewController.swift; sourceTree = "<group>"; };
		095135881BFCF8AE0099C396 /* Base */ = {isa = PBXFileReference; lastKnownFileType = file.storyboard; name = Base; path = Base.lproj/Main.storyboard; sourceTree = "<group>"; };
		0951358A1BFCF8AE0099C396 /* Assets.xcassets */ = {isa = PBXFileReference; lastKnownFileType = folder.assetcatalog; path = Assets.xcassets; sourceTree = "<group>"; };
		0951358D1BFCF8AE0099C396 /* Base */ = {isa = PBXFileReference; lastKnownFileType = file.storyboard; name = Base; path = Base.lproj/LaunchScreen.storyboard; sourceTree = "<group>"; };
		0951358F1BFCF8AE0099C396 /* Info.plist */ = {isa = PBXFileReference; lastKnownFileType = text.plist.xml; path = Info.plist; sourceTree = "<group>"; };
/* End PBXFileReference section */

/* Begin PBXFrameworksBuildPhase section */
		0951357D1BFCF8AE0099C396 /* Frameworks */ = {
			isa = PBXFrameworksBuildPhase;
			buildActionMask = 2147483647;
			files = (
			);
			runOnlyForDeploymentPostprocessing = 0;
		};
/* End PBXFrameworksBuildPhase section */

/* Begin PBXGroup section */
		095135771BFCF8AE0099C396 = {
			isa = PBXGroup;
			children = (
				095135821BFCF8AE0099C396 /* App2_Objetos */,
				095135811BFCF8AE0099C396 /* Products */,
			);
			sourceTree = "<group>";
		};
		095135811BFCF8AE0099C396 /* Products */ = {
			isa = PBXGroup;
			children = (
				095135801BFCF8AE0099C396 /* App2_Objetos.app */,
			);
			name = Products;
			sourceTree = "<group>";
		};
		095135821BFCF8AE0099C396 /* App2_Objetos */ = {
			isa = PBXGroup;
			children = (
				095135831BFCF8AE0099C396 /* AppDelegate.swift */,
				095135851BFCF8AE0099C396 /* ViewController.swift */,
				095135871BFCF8AE0099C396 /* Main.storyboard */,
				0951358A1BFCF8AE0099C396 /* Assets.xcassets */,
				0951358C1BFCF8AE0099C396 /* LaunchScreen.storyboard */,
				0951358F1BFCF8AE0099C396 /* Info.plist */,
			);
			path = App2_Objetos;
			sourceTree = "<group>";
		};
/* End PBXGroup section */

/* Begin PBXNativeTarget section */
		0951357F1BFCF8AE0099C396 /* App2_Objetos */ = {
			isa = PBXNativeTarget;
			buildConfigurationList = 095135921BFCF8AE0099C396 /* Build configuration list for PBXNativeTarget "App2_Objetos" */;
			buildPhases = (
				0951357C1BFCF8AE0099C396 /* Sources */,
				0951357D1BFCF8AE0099C396 /* Frameworks */,
				0951357E1BFCF8AE0099C396 /* Resources */,
			);
			buildRules = (
			);
			dependencies = (
			);
			name = App2_Objetos;
			productName = App2_Objetos;
			productReference = 095135801BFCF8AE0099C396 /* App2_Objetos.app */;
			productType = "com.apple.product-type.application";
		};
/* End PBXNativeTarget section */

/* Begin PBXProject section */
		095135781BFCF8AE0099C396 /* Project object */ = {
			isa = PBXProject;
			attributes = {
				LastSwiftUpdateCheck = 0710;
				LastUpgradeCheck = 0710;
				ORGANIZATIONNAME = CICE;
				TargetAttributes = {
					0951357F1BFCF8AE0099C396 = {
						CreatedOnToolsVersion = 7.1.1;
					};
				};
			};
			buildConfigurationList = 0951357B1BFCF8AE0099C396 /* Build configuration list for PBXProject "App2_Objetos" */;
			compatibilityVersion = "Xcode 3.2";
			developmentRegion = English;
			hasScannedForEncodings = 0;
			knownRegions = (
				en,
				Base,
			);
			mainGroup = 095135771BFCF8AE0099C396;
			productRefGroup = 095135811BFCF8AE0099C396 /* Products */;
			projectDirPath = "";
			projectRoot = "";
			targets = (
				0951357F1BFCF8AE0099C396 /* App2_Objetos */,
			);
		};
/* End PBXProject section */

/* Begin PBXResourcesBuildPhase section */
		0951357E1BFCF8AE0099C396 /* Resources */ = {
			isa = PBXResourcesBuildPhase;
			buildActionMask = 2147483647;
			files = (
				0951358E1BFCF8AE0099C396 /* LaunchScreen.storyboard in Resources */,
				0951358B1BFCF8AE0099C396 /* Assets.xcassets in Resources */,
				095135891BFCF8AE0099C396 /* Main.storyboard in Resources */,
			);
			runOnlyForDeploymentPostprocessing = 0;
		};
/* End PBXResourcesBuildPhase section */

/* Begin PBXSourcesBuildPhase section */
		0951357C1BFCF8AE0099C396 /* Sources */ = {
			isa = PBXSourcesBuildPhase;
			buildActionMask = 2147483647;
			files = (
				095135861BFCF8AE0099C396 /* ViewController.swift in Sources */,
				095135841BFCF8AE0099C396 /* AppDelegate.swift in Sources */,
			);
			runOnlyForDeploymentPostprocessing = 0;
		};
/* End PBXSourcesBuildPhase section */

/* Begin PBXVariantGroup section */
		095135871BFCF8AE0099C396 /* Main.storyboard */ = {
			isa = PBXVariantGroup;
			children = (
				095135881BFCF8AE0099C396 /* Base */,
			);
			name = Main.storyboard;
			sourceTree = "<group>";
		};
		0951358C1BFCF8AE0099C396 /* LaunchScreen.storyboard */ = {
			isa = PBXVariantGroup;
			children = (
				0951358D1BFCF8AE0099C396 /* Base */,
			);
			name = LaunchScreen.storyboard;
			sourceTree = "<group>";
		};
/* End PBXVariantGroup section */

/* Begin XCBuildConfiguration section */
		095135901BFCF8AE0099C396 /* Debug */ = {
			isa = XCBuildConfiguration;
			buildSettings = {
				ALWAYS_SEARCH_USER_PATHS = NO;
				CLANG_CXX_LANGUAGE_STANDARD = "gnu++0x";
				CLANG_CXX_LIBRARY = "libc++";
				CLANG_ENABLE_MODULES = YES;
				CLANG_ENABLE_OBJC_ARC = YES;
				CLANG_WARN_BOOL_CONVERSION = YES;
				CLANG_WARN_CONSTANT_CONVERSION = YES;
				CLANG_WARN_DIRECT_OBJC_ISA_USAGE = YES_ERROR;
				CLANG_WARN_EMPTY_BODY = YES;
				CLANG_WARN_ENUM_CONVERSION = YES;
				CLANG_WARN_INT_CONVERSION = YES;
				CLANG_WARN_OBJC_ROOT_CLASS = YES_ERROR;
				CLANG_WARN_UNREACHABLE_CODE = YES;
				CLANG_WARN__DUPLICATE_METHOD_MATCH = YES;
				"CODE_SIGN_IDENTITY[sdk=iphoneos*]" = "iPhone Developer";
				COPY_PHASE_STRIP = NO;
				DEBUG_INFORMATION_FORMAT = dwarf;
				ENABLE_STRICT_OBJC_MSGSEND = YES;
				ENABLE_TESTABILITY = YES;
				GCC_C_LANGUAGE_STANDARD = gnu99;
				GCC_DYNAMIC_NO_PIC = NO;
				GCC_NO_COMMON_BLOCKS = YES;
				GCC_OPTIMIZATION_LEVEL = 0;
				GCC_PREPROCESSOR_DEFINITIONS = (
					"DEBUG=1",
					"$(inherited)",
				);
				GCC_WARN_64_TO_32_BIT_CONVERSION = YES;
				GCC_WARN_ABOUT_RETURN_TYPE = YES_ERROR;
				GCC_WARN_UNDECLARED_SELECTOR = YES;
				GCC_WARN_UNINITIALIZED_AUTOS = YES_AGGRESSIVE;
				GCC_WARN_UNUSED_FUNCTION = YES;
				GCC_WARN_UNUSED_VARIABLE = YES;
				IPHONEOS_DEPLOYMENT_TARGET = 9.1;
				MTL_ENABLE_DEBUG_INFO = YES;
				ONLY_ACTIVE_ARCH = YES;
				SDKROOT = iphoneos;
				SWIFT_OPTIMIZATION_LEVEL = "-Onone";
				TARGETED_DEVICE_FAMILY = "1,2";
			};
			name = Debug;
		};
		095135911BFCF8AE0099C396 /* Release */ = {
			isa = XCBuildConfiguration;
			buildSettings = {
				ALWAYS_SEARCH_USER_PATHS = NO;
				CLANG_CXX_LANGUAGE_STANDARD = "gnu++0x";
				CLANG_CXX_LIBRARY = "libc++";
				CLANG_ENABLE_MODULES = YES;
				CLANG_ENABLE_OBJC_ARC = YES;
				CLANG_WARN_BOOL_CONVERSION = YES;
				CLANG_WARN_CONSTANT_CONVERSION = YES;
				CLANG_WARN_DIRECT_OBJC_ISA_USAGE = YES_ERROR;
				CLANG_WARN_EMPTY_BODY = YES;
				CLANG_WARN_ENUM_CONVERSION = YES;
				CLANG_WARN_INT_CONVERSION = YES;
				CLANG_WARN_OBJC_ROOT_CLASS = YES_ERROR;
				CLANG_WARN_UNREACHABLE_CODE = YES;
				CLANG_WARN__DUPLICATE_METHOD_MATCH = YES;
				"CODE_SIGN_IDENTITY[sdk=iphoneos*]" = "iPhone Developer";
				COPY_PHASE_STRIP = NO;
				DEBUG_INFORMATION_FORMAT = "dwarf-with-dsym";
				ENABLE_NS_ASSERTIONS = NO;
				ENABLE_STRICT_OBJC_MSGSEND = YES;
				GCC_C_LANGUAGE_STANDARD = gnu99;
				GCC_NO_COMMON_BLOCKS = YES;
				GCC_WARN_64_TO_32_BIT_CONVERSION = YES;
				GCC_WARN_ABOUT_RETURN_TYPE = YES_ERROR;
				GCC_WARN_UNDECLARED_SELECTOR = YES;
				GCC_WARN_UNINITIALIZED_AUTOS = YES_AGGRESSIVE;
				GCC_WARN_UNUSED_FUNCTION = YES;
				GCC_WARN_UNUSED_VARIABLE = YES;
				IPHONEOS_DEPLOYMENT_TARGET = 9.1;
				MTL_ENABLE_DEBUG_INFO = NO;
				SDKROOT = iphoneos;
				TARGETED_DEVICE_FAMILY = "1,2";
				VALIDATE_PRODUCT = YES;
			};
			name = Release;
		};
		095135931BFCF8AE0099C396 /* Debug */ = {
			isa = XCBuildConfiguration;
			buildSettings = {
				ASSETCATALOG_COMPILER_APPICON_NAME = AppIcon;
				INFOPLIST_FILE = App2_Objetos/Info.plist;
				LD_RUNPATH_SEARCH_PATHS = "$(inherited) @executable_path/Frameworks";
				PRODUCT_BUNDLE_IDENTIFIER = "com.pablo.garcia.App2-Objetos";
				PRODUCT_NAME = "$(TARGET_NAME)";
			};
			name = Debug;
		};
		095135941BFCF8AE0099C396 /* Release */ = {
			isa = XCBuildConfiguration;
			buildSettings = {
				ASSETCATALOG_COMPILER_APPICON_NAME = AppIcon;
				INFOPLIST_FILE = App2_Objetos/Info.plist;
				LD_RUNPATH_SEARCH_PATHS = "$(inherited) @executable_path/Frameworks";
				PRODUCT_BUNDLE_IDENTIFIER = "com.pablo.garcia.App2-Objetos";
				PRODUCT_NAME = "$(TARGET_NAME)";
			};
			name = Release;
		};
/* End XCBuildConfiguration section */

/* Begin XCConfigurationList section */
		0951357B1BFCF8AE0099C396 /* Build configuration list for PBXProject "App2_Objetos" */ = {
			isa = XCConfigurationList;
			buildConfigurations = (
				095135901BFCF8AE0099C396 /* Debug */,
				095135911BFCF8AE0099C396 /* Release */,
			);
			defaultConfigurationIsVisible = 0;
			defaultConfigurationName = Release;
		};
		095135921BFCF8AE0099C396 /* Build configuration list for PBXNativeTarget "App2_Objetos" */ = {
			isa = XCConfigurationList;
			buildConfigurations = (
				095135931BFCF8AE0099C396 /* Debug */,
				095135941BFCF8AE0099C396 /* Release */,
			);
			defaultConfigurationIsVisible = 0;
		};
/* End XCConfigurationList section */
	};
	rootObject = 095135781BFCF8AE0099C396 /* Project object */;
}
